{
    "name": "@padloc/locale",
    "version": "4.3.0",
    "lockfileVersion": 2,
    "requires": true,
    "packages": {
        "": {
            "name": "@padloc/locale",
            "version": "4.3.0",
            "license": "GPLv3",
            "devDependencies": {
                "ts-node": "10.0.0",
                "typescript": "4.4.3"
            },
            "engines": {
                "node": "16.x",
                "npm": "8.x"
            }
        },
        "node_modules/@tsconfig/node10": {
            "version": "1.0.8",
            "resolved": "https://registry.npmjs.org/@tsconfig/node10/-/node10-1.0.8.tgz",
            "integrity": "sha512-6XFfSQmMgq0CFLY1MslA/CPUfhIL919M1rMsa5lP2P097N2Wd1sSX0tx1u4olM16fLNhtHZpRhedZJphNJqmZg==",
            "dev": true
        },
        "node_modules/@tsconfig/node12": {
            "version": "1.0.9",
            "resolved": "https://registry.npmjs.org/@tsconfig/node12/-/node12-1.0.9.tgz",
            "integrity": "sha512-/yBMcem+fbvhSREH+s14YJi18sp7J9jpuhYByADT2rypfajMZZN4WQ6zBGgBKp53NKmqI36wFYDb3yaMPurITw==",
            "dev": true
        },
        "node_modules/@tsconfig/node14": {
            "version": "1.0.1",
            "resolved": "https://registry.npmjs.org/@tsconfig/node14/-/node14-1.0.1.tgz",
            "integrity": "sha512-509r2+yARFfHHE7T6Puu2jjkoycftovhXRqW328PDXTVGKihlb1P8Z9mMZH04ebyajfRY7dedfGynlrFHJUQCg==",
            "dev": true
        },
        "node_modules/@tsconfig/node16": {
            "version": "1.0.2",
            "resolved": "https://registry.npmjs.org/@tsconfig/node16/-/node16-1.0.2.tgz",
            "integrity": "sha512-eZxlbI8GZscaGS7kkc/trHTT5xgrjH3/1n2JDwusC9iahPKWMRvRjJSAN5mCXviuTGQ/lHnhvv8Q1YTpnfz9gA==",
            "dev": true
        },
        "node_modules/@types/node": {
            "version": "16.4.13",
            "resolved": "https://registry.npmjs.org/@types/node/-/node-16.4.13.tgz",
            "integrity": "sha512-bLL69sKtd25w7p1nvg9pigE4gtKVpGTPojBFLMkGHXuUgap2sLqQt2qUnqmVCDfzGUL0DRNZP+1prIZJbMeAXg==",
            "dev": true,
            "peer": true
        },
        "node_modules/arg": {
            "version": "4.1.3",
            "resolved": "https://registry.npmjs.org/arg/-/arg-4.1.3.tgz",
            "integrity": "sha512-58S9QDqG0Xx27YwPSt9fJxivjYl432YCwfDMfZ+71RAqUrZef7LrKQZ3LHLOwCS4FLNBplP533Zx895SeOCHvA==",
            "dev": true
        },
        "node_modules/buffer-from": {
            "version": "1.1.2",
            "resolved": "https://registry.npmjs.org/buffer-from/-/buffer-from-1.1.2.tgz",
            "integrity": "sha512-E+XQCRwSbaaiChtv6k6Dwgc+bx+Bs6vuKJHHl5kox/BaKbhiXzqQOwK4cO22yElGp2OCmjwVhT3HmxgyPGnJfQ==",
            "dev": true
        },
        "node_modules/create-require": {
            "version": "1.1.1",
            "resolved": "https://registry.npmjs.org/create-require/-/create-require-1.1.1.tgz",
            "integrity": "sha512-dcKFX3jn0MpIaXjisoRvexIJVEKzaq7z2rZKxf+MSr9TkdmHmsU4m2lcLojrj/FHl8mk5VxMmYA+ftRkP/3oKQ==",
            "dev": true
        },
        "node_modules/diff": {
            "version": "4.0.2",
            "resolved": "https://registry.npmjs.org/diff/-/diff-4.0.2.tgz",
            "integrity": "sha512-58lmxKSA4BNyLz+HHMUzlOEpg09FV+ev6ZMe3vJihgdxzgcwZ8VoEEPmALCZG9LmqfVoNMMKpttIYTVG6uDY7A==",
            "dev": true,
            "engines": {
                "node": ">=0.3.1"
            }
        },
        "node_modules/make-error": {
            "version": "1.3.6",
            "resolved": "https://registry.npmjs.org/make-error/-/make-error-1.3.6.tgz",
            "integrity": "sha512-s8UhlNe7vPKomQhC1qFelMokr/Sc3AgNbso3n74mVPA5LTZwkB9NlXf4XPamLxJE8h0gh73rM94xvwRT2CVInw==",
            "dev": true
        },
        "node_modules/source-map": {
            "version": "0.6.1",
            "resolved": "https://registry.npmjs.org/source-map/-/source-map-0.6.1.tgz",
            "integrity": "sha512-UjgapumWlbMhkBgzT7Ykc5YXUT46F0iKu8SGXq0bcwP5dz/h0Plj6enJqjz1Zbq2l5WaqYnrVbwWOWMyF3F47g==",
            "dev": true,
            "engines": {
                "node": ">=0.10.0"
            }
        },
        "node_modules/source-map-support": {
            "version": "0.5.19",
            "resolved": "https://registry.npmjs.org/source-map-support/-/source-map-support-0.5.19.tgz",
            "integrity": "sha512-Wonm7zOCIJzBGQdB+thsPar0kYuCIzYvxZwlBa87yi/Mdjv7Tip2cyVbLj5o0cFPN4EVkuTwb3GDDyUx2DGnGw==",
            "dev": true,
            "dependencies": {
                "buffer-from": "^1.0.0",
                "source-map": "^0.6.0"
            }
        },
        "node_modules/ts-node": {
            "version": "10.0.0",
            "resolved": "https://registry.npmjs.org/ts-node/-/ts-node-10.0.0.tgz",
            "integrity": "sha512-ROWeOIUvfFbPZkoDis0L/55Fk+6gFQNZwwKPLinacRl6tsxstTF1DbAcLKkovwnpKMVvOMHP1TIbnwXwtLg1gg==",
            "dev": true,
            "dependencies": {
                "@tsconfig/node10": "^1.0.7",
                "@tsconfig/node12": "^1.0.7",
                "@tsconfig/node14": "^1.0.0",
                "@tsconfig/node16": "^1.0.1",
                "arg": "^4.1.0",
                "create-require": "^1.1.0",
                "diff": "^4.0.1",
                "make-error": "^1.1.1",
                "source-map-support": "^0.5.17",
                "yn": "3.1.1"
            },
            "bin": {
                "ts-node": "dist/bin.js",
                "ts-node-cwd": "dist/bin-cwd.js",
                "ts-node-script": "dist/bin-script.js",
                "ts-node-transpile-only": "dist/bin-transpile.js",
                "ts-script": "dist/bin-script-deprecated.js"
            },
            "engines": {
                "node": ">=12.0.0"
            },
            "peerDependencies": {
                "@swc/core": ">=1.2.45",
                "@swc/wasm": ">=1.2.45",
                "@types/node": "*",
                "typescript": ">=2.7"
            },
            "peerDependenciesMeta": {
                "@swc/core": {
                    "optional": true
                },
                "@swc/wasm": {
                    "optional": true
                }
            }
        },
        "node_modules/typescript": {
            "version": "4.4.3",
            "resolved": "https://registry.npmjs.org/typescript/-/typescript-4.4.3.tgz",
            "integrity": "sha512-4xfscpisVgqqDfPaJo5vkd+Qd/ItkoagnHpufr+i2QCHBsNYp+G7UAoyFl8aPtx879u38wPV65rZ8qbGZijalA==",
            "dev": true,
            "bin": {
                "tsc": "bin/tsc",
                "tsserver": "bin/tsserver"
            },
            "engines": {
                "node": ">=4.2.0"
            }
        },
        "node_modules/yn": {
            "version": "3.1.1",
            "resolved": "https://registry.npmjs.org/yn/-/yn-3.1.1.tgz",
            "integrity": "sha512-Ux4ygGWsu2c7isFWe8Yu1YluJmqVhxqK2cLXNQA5AcC3QfbGNpM7fu0Y8b/z16pXLnFxZYvWhd3fhBY9DLmC6Q==",
            "dev": true,
            "engines": {
                "node": ">=6"
            }
        }
    },
    "dependencies": {
        "@tsconfig/node10": {
            "version": "1.0.8",
            "resolved": "https://registry.npmjs.org/@tsconfig/node10/-/node10-1.0.8.tgz",
            "integrity": "sha512-6XFfSQmMgq0CFLY1MslA/CPUfhIL919M1rMsa5lP2P097N2Wd1sSX0tx1u4olM16fLNhtHZpRhedZJphNJqmZg==",
            "dev": true
        },
        "@tsconfig/node12": {
            "version": "1.0.9",
            "resolved": "https://registry.npmjs.org/@tsconfig/node12/-/node12-1.0.9.tgz",
            "integrity": "sha512-/yBMcem+fbvhSREH+s14YJi18sp7J9jpuhYByADT2rypfajMZZN4WQ6zBGgBKp53NKmqI36wFYDb3yaMPurITw==",
            "dev": true
        },
        "@tsconfig/node14": {
            "version": "1.0.1",
            "resolved": "https://registry.npmjs.org/@tsconfig/node14/-/node14-1.0.1.tgz",
            "integrity": "sha512-509r2+yARFfHHE7T6Puu2jjkoycftovhXRqW328PDXTVGKihlb1P8Z9mMZH04ebyajfRY7dedfGynlrFHJUQCg==",
            "dev": true
        },
        "@tsconfig/node16": {
            "version": "1.0.2",
            "resolved": "https://registry.npmjs.org/@tsconfig/node16/-/node16-1.0.2.tgz",
            "integrity": "sha512-eZxlbI8GZscaGS7kkc/trHTT5xgrjH3/1n2JDwusC9iahPKWMRvRjJSAN5mCXviuTGQ/lHnhvv8Q1YTpnfz9gA==",
            "dev": true
        },
        "@types/node": {
            "version": "16.4.13",
            "resolved": "https://registry.npmjs.org/@types/node/-/node-16.4.13.tgz",
            "integrity": "sha512-bLL69sKtd25w7p1nvg9pigE4gtKVpGTPojBFLMkGHXuUgap2sLqQt2qUnqmVCDfzGUL0DRNZP+1prIZJbMeAXg==",
            "dev": true,
            "peer": true
        },
        "arg": {
            "version": "4.1.3",
            "resolved": "https://registry.npmjs.org/arg/-/arg-4.1.3.tgz",
            "integrity": "sha512-58S9QDqG0Xx27YwPSt9fJxivjYl432YCwfDMfZ+71RAqUrZef7LrKQZ3LHLOwCS4FLNBplP533Zx895SeOCHvA==",
            "dev": true
        },
        "buffer-from": {
            "version": "1.1.2",
            "resolved": "https://registry.npmjs.org/buffer-from/-/buffer-from-1.1.2.tgz",
            "integrity": "sha512-E+XQCRwSbaaiChtv6k6Dwgc+bx+Bs6vuKJHHl5kox/BaKbhiXzqQOwK4cO22yElGp2OCmjwVhT3HmxgyPGnJfQ==",
            "dev": true
        },
        "create-require": {
            "version": "1.1.1",
            "resolved": "https://registry.npmjs.org/create-require/-/create-require-1.1.1.tgz",
            "integrity": "sha512-dcKFX3jn0MpIaXjisoRvexIJVEKzaq7z2rZKxf+MSr9TkdmHmsU4m2lcLojrj/FHl8mk5VxMmYA+ftRkP/3oKQ==",
            "dev": true
        },
        "diff": {
            "version": "4.0.2",
            "resolved": "https://registry.npmjs.org/diff/-/diff-4.0.2.tgz",
            "integrity": "sha512-58lmxKSA4BNyLz+HHMUzlOEpg09FV+ev6ZMe3vJihgdxzgcwZ8VoEEPmALCZG9LmqfVoNMMKpttIYTVG6uDY7A==",
            "dev": true
        },
        "make-error": {
            "version": "1.3.6",
            "resolved": "https://registry.npmjs.org/make-error/-/make-error-1.3.6.tgz",
            "integrity": "sha512-s8UhlNe7vPKomQhC1qFelMokr/Sc3AgNbso3n74mVPA5LTZwkB9NlXf4XPamLxJE8h0gh73rM94xvwRT2CVInw==",
            "dev": true
        },
        "source-map": {
            "version": "0.6.1",
            "resolved": "https://registry.npmjs.org/source-map/-/source-map-0.6.1.tgz",
            "integrity": "sha512-UjgapumWlbMhkBgzT7Ykc5YXUT46F0iKu8SGXq0bcwP5dz/h0Plj6enJqjz1Zbq2l5WaqYnrVbwWOWMyF3F47g==",
            "dev": true
        },
        "source-map-support": {
            "version": "0.5.19",
            "resolved": "https://registry.npmjs.org/source-map-support/-/source-map-support-0.5.19.tgz",
            "integrity": "sha512-Wonm7zOCIJzBGQdB+thsPar0kYuCIzYvxZwlBa87yi/Mdjv7Tip2cyVbLj5o0cFPN4EVkuTwb3GDDyUx2DGnGw==",
            "dev": true,
            "requires": {
                "buffer-from": "^1.0.0",
                "source-map": "^0.6.0"
            }
        },
        "ts-node": {
            "version": "10.0.0",
            "resolved": "https://registry.npmjs.org/ts-node/-/ts-node-10.0.0.tgz",
            "integrity": "sha512-ROWeOIUvfFbPZkoDis0L/55Fk+6gFQNZwwKPLinacRl6tsxstTF1DbAcLKkovwnpKMVvOMHP1TIbnwXwtLg1gg==",
            "dev": true,
            "requires": {
                "@tsconfig/node10": "^1.0.7",
                "@tsconfig/node12": "^1.0.7",
                "@tsconfig/node14": "^1.0.0",
                "@tsconfig/node16": "^1.0.1",
                "arg": "^4.1.0",
                "create-require": "^1.1.0",
                "diff": "^4.0.1",
                "make-error": "^1.1.1",
                "source-map-support": "^0.5.17",
                "yn": "3.1.1"
            }
        },
        "typescript": {
            "version": "4.4.3",
            "resolved": "https://registry.npmjs.org/typescript/-/typescript-4.4.3.tgz",
            "integrity": "sha512-4xfscpisVgqqDfPaJo5vkd+Qd/ItkoagnHpufr+i2QCHBsNYp+G7UAoyFl8aPtx879u38wPV65rZ8qbGZijalA==",
            "dev": true
        },
        "yn": {
            "version": "3.1.1",
            "resolved": "https://registry.npmjs.org/yn/-/yn-3.1.1.tgz",
            "integrity": "sha512-Ux4ygGWsu2c7isFWe8Yu1YluJmqVhxqK2cLXNQA5AcC3QfbGNpM7fu0Y8b/z16pXLnFxZYvWhd3fhBY9DLmC6Q==",
            "dev": true
        }
    }
}
