{
    "name": "com.maklesoft.padlock",
    "version": "2.0.0",
    "lockfileVersion": 1,
    "dependencies": {
        "balanced-match": {
            "version": "1.0.0",
            "resolved": "https://registry.npmjs.org/balanced-match/-/balanced-match-1.0.0.tgz",
            "integrity": "sha1-ibTRmasr7kneFk6gK4nORi1xt2c="
        },
        "base64-js": {
            "version": "0.0.8",
            "resolved": "https://registry.npmjs.org/base64-js/-/base64-js-0.0.8.tgz",
            "integrity": "sha1-EQHpVE9KdrG8OybUUsqW16NeeXg="
        },
        "bplist-creator": {
            "version": "0.0.4",
            "resolved": "https://registry.npmjs.org/bplist-creator/-/bplist-creator-0.0.4.tgz",
            "integrity": "sha1-SsBJZ4LhJ6hcHSAmpPXrIqev+ZE="
        },
        "bplist-parser": {
            "version": "0.0.6",
            "resolved": "https://registry.npmjs.org/bplist-parser/-/bplist-parser-0.0.6.tgz",
            "integrity": "sha1-ONo0cYF9+dRKs4kuJ3B7u9daEbk="
        },
        "brace-expansion": {
            "version": "1.1.8",
            "resolved": "https://registry.npmjs.org/brace-expansion/-/brace-expansion-1.1.8.tgz",
            "integrity": "sha1-wHshHHyVLsH479Uad+8NHTmQopI="
        },
        "colors": {
            "version": "1.1.2",
            "resolved": "https://registry.npmjs.org/colors/-/colors-1.1.2.tgz",
            "integrity": "sha1-FopHAXVran9RoSzgyXv6KMCE7WM="
        },
        "concat-map": {
            "version": "0.0.1",
            "resolved": "https://registry.npmjs.org/concat-map/-/concat-map-0.0.1.tgz",
            "integrity": "sha1-2Klr13/Wjfd5OnMDajug1UBdR3s="
        },
        "cordova-android": {
            "version": "6.2.3",
            "resolved": "https://registry.npmjs.org/cordova-android/-/cordova-android-6.2.3.tgz",
            "integrity": "sha1-JJ8hts5fHxyEenq4OxaQnb7Vqig=",
            "dependencies": {
                "abbrev": {
                    "version": "1.1.0",
                    "bundled": true
                },
                "ansi": {
                    "version": "0.3.1",
                    "bundled": true
                },
                "balanced-match": {
                    "version": "0.4.2",
                    "bundled": true
                },
                "base64-js": {
                    "version": "0.0.8",
                    "bundled": true
                },
                "big-integer": {
                    "version": "1.6.22",
                    "bundled": true
                },
                "bplist-parser": {
                    "version": "0.1.1",
                    "bundled": true
                },
                "brace-expansion": {
                    "version": "1.1.7",
                    "bundled": true
                },
                "concat-map": {
                    "version": "0.0.1",
                    "bundled": true
                },
                "cordova-common": {
                    "version": "2.0.2",
                    "bundled": true
                },
                "cordova-registry-mapper": {
                    "version": "1.1.15",
                    "bundled": true
                },
                "elementtree": {
                    "version": "0.1.6",
                    "bundled": true
                },
                "glob": {
                    "version": "5.0.15",
                    "bundled": true
                },
                "inflight": {
                    "version": "1.0.6",
                    "bundled": true
                },
                "inherits": {
                    "version": "2.0.3",
                    "bundled": true
                },
                "lodash": {
                    "version": "3.10.1",
                    "bundled": true
                },
                "minimatch": {
                    "version": "3.0.3",
                    "bundled": true
                },
                "nopt": {
                    "version": "3.0.6",
                    "bundled": true
                },
                "once": {
                    "version": "1.4.0",
                    "bundled": true
                },
                "os-homedir": {
                    "version": "1.0.2",
                    "bundled": true
                },
                "os-tmpdir": {
                    "version": "1.0.2",
                    "bundled": true
                },
                "osenv": {
                    "version": "0.1.4",
                    "bundled": true
                },
                "path-is-absolute": {
                    "version": "1.0.1",
                    "bundled": true
                },
                "plist": {
                    "version": "1.2.0",
                    "bundled": true
                },
                "properties-parser": {
                    "version": "0.2.3",
                    "bundled": true
                },
                "q": {
                    "version": "1.5.0",
                    "bundled": true
                },
                "sax": {
                    "version": "0.3.5",
                    "bundled": true
                },
                "semver": {
                    "version": "5.3.0",
                    "bundled": true
                },
                "shelljs": {
                    "version": "0.5.3",
                    "bundled": true
                },
                "underscore": {
                    "version": "1.8.3",
                    "bundled": true
                },
                "unorm": {
                    "version": "1.4.1",
                    "bundled": true
                },
                "util-deprecate": {
                    "version": "1.0.2",
                    "bundled": true
                },
                "wrappy": {
                    "version": "1.0.2",
                    "bundled": true
                },
                "xmlbuilder": {
                    "version": "4.0.0",
                    "bundled": true
                },
                "xmldom": {
                    "version": "0.1.27",
                    "bundled": true
                }
            }
        },
        "cordova-clipboard": {
            "version": "1.0.0",
            "resolved": "https://registry.npmjs.org/cordova-clipboard/-/cordova-clipboard-1.0.0.tgz",
            "integrity": "sha1-vuiEdXB+0np2fjc5WSeW7zUq6Zk="
        },
        "cordova-custom-config": {
            "version": "4.0.2",
            "resolved": "https://registry.npmjs.org/cordova-custom-config/-/cordova-custom-config-4.0.2.tgz",
            "integrity": "sha1-duiKQK0hN1QGny5kmB6RZ6WX3+4="
        },
        "cordova-ios": {
            "version": "4.4.0",
            "resolved": "https://registry.npmjs.org/cordova-ios/-/cordova-ios-4.4.0.tgz",
            "integrity": "sha1-XNbvciRQXbVYRG5GN62X0IeMdO8=",
            "dependencies": {
                "abbrev": {
                    "version": "1.0.9",
                    "bundled": true
                },
                "ansi": {
                    "version": "0.3.1",
                    "bundled": true
                },
                "balanced-match": {
                    "version": "0.4.2",
                    "bundled": true
                },
                "base64-js": {
                    "version": "0.0.8",
                    "bundled": true
                },
                "big-integer": {
                    "version": "1.6.17",
                    "bundled": true
                },
                "bplist-creator": {
                    "version": "0.0.4",
                    "bundled": true
                },
                "bplist-parser": {
                    "version": "0.1.1",
                    "bundled": true
                },
                "brace-expansion": {
                    "version": "1.1.6",
                    "bundled": true
                },
                "concat-map": {
                    "version": "0.0.1",
                    "bundled": true
                },
                "cordova-common": {
                    "version": "2.0.2",
                    "bundled": true
                },
                "cordova-registry-mapper": {
                    "version": "1.1.15",
                    "bundled": true
                },
                "elementtree": {
                    "version": "0.1.6",
                    "bundled": true
                },
                "glob": {
                    "version": "5.0.15",
                    "bundled": true
                },
                "inflight": {
                    "version": "1.0.6",
                    "bundled": true
                },
                "inherits": {
                    "version": "2.0.3",
                    "bundled": true
                },
                "ios-sim": {
                    "version": "5.0.12",
                    "bundled": true,
                    "dependencies": {
                        "bplist-parser": {
                            "version": "0.0.6",
                            "bundled": true
                        },
                        "nopt": {
                            "version": "1.0.9",
                            "bundled": true
                        }
                    }
                },
                "lodash": {
                    "version": "3.10.1",
                    "bundled": true
                },
                "minimatch": {
                    "version": "3.0.3",
                    "bundled": true
                },
                "node-uuid": {
                    "version": "1.4.7",
                    "bundled": true
                },
                "nopt": {
                    "version": "3.0.6",
                    "bundled": true
                },
                "once": {
                    "version": "1.4.0",
                    "bundled": true
                },
                "os-homedir": {
                    "version": "1.0.2",
                    "bundled": true
                },
                "os-tmpdir": {
                    "version": "1.0.2",
                    "bundled": true
                },
                "osenv": {
                    "version": "0.1.3",
                    "bundled": true
                },
                "path-is-absolute": {
                    "version": "1.0.1",
                    "bundled": true
                },
                "pegjs": {
                    "version": "0.9.0",
                    "bundled": true
                },
                "plist": {
                    "version": "1.2.0",
                    "bundled": true
                },
                "q": {
                    "version": "1.4.1",
                    "bundled": true
                },
                "sax": {
                    "version": "0.3.5",
                    "bundled": true
                },
                "semver": {
                    "version": "5.3.0",
                    "bundled": true
                },
                "shelljs": {
                    "version": "0.5.3",
                    "bundled": true
                },
                "simctl": {
                    "version": "0.1.0",
                    "bundled": true,
                    "dependencies": {
                        "shelljs": {
                            "version": "0.2.6",
                            "bundled": true
                        }
                    }
                },
                "simple-plist": {
                    "version": "0.1.4",
                    "bundled": true,
                    "dependencies": {
                        "bplist-parser": {
                            "version": "0.0.6",
                            "bundled": true
                        }
                    }
                },
                "stream-buffers": {
                    "version": "0.2.6",
                    "bundled": true
                },
                "tail": {
                    "version": "0.4.0",
                    "bundled": true
                },
                "underscore": {
                    "version": "1.8.3",
                    "bundled": true
                },
                "unorm": {
                    "version": "1.4.1",
                    "bundled": true
                },
                "util-deprecate": {
                    "version": "1.0.2",
                    "bundled": true
                },
                "wrappy": {
                    "version": "1.0.2",
                    "bundled": true
                },
                "xcode": {
                    "version": "0.9.3",
                    "resolved": "https://registry.npmjs.org/xcode/-/xcode-0.9.3.tgz",
                    "integrity": "sha1-kQqJwWrubMC0LKgFptC0z4chHPM=",
                    "dependencies": {
                        "base64-js": {
                            "version": "1.1.2",
                            "resolved": "https://registry.npmjs.org/base64-js/-/base64-js-1.1.2.tgz",
                            "integrity": "sha1-1kAMrBxMZgl22Q0HoENR2JOV9eg="
                        },
                        "bplist-creator": {
                            "version": "0.0.7",
                            "resolved": "https://registry.npmjs.org/bplist-creator/-/bplist-creator-0.0.7.tgz",
                            "integrity": "sha1-N98VNgkoJLh8QvlXsBNEEXNyrkU="
                        },
                        "pegjs": {
                            "version": "0.10.0",
                            "resolved": "https://registry.npmjs.org/pegjs/-/pegjs-0.10.0.tgz",
                            "integrity": "sha1-z4uvrm7d/0tafvsYUmnqr0YQ3b0="
                        },
                        "plist": {
                            "version": "2.0.1",
                            "resolved": "https://registry.npmjs.org/plist/-/plist-2.0.1.tgz",
                            "integrity": "sha1-CjLKlIGxw2TpLhjcVch23p0B2os="
                        },
                        "simple-plist": {
                            "version": "0.2.1",
                            "resolved": "https://registry.npmjs.org/simple-plist/-/simple-plist-0.2.1.tgz",
                            "integrity": "sha1-cXZts1IyaSjPOoByQrp2IyJjZyM="
                        },
                        "stream-buffers": {
                            "version": "2.2.0",
                            "resolved": "https://registry.npmjs.org/stream-buffers/-/stream-buffers-2.2.0.tgz",
                            "integrity": "sha1-kdX1Ew0c75bc+n9yaUUYh0HQnuQ="
                        },
                        "uuid": {
                            "version": "3.0.1",
                            "resolved": "https://registry.npmjs.org/uuid/-/uuid-3.0.1.tgz",
                            "integrity": "sha1-ZUS7ot/ajBzxfmKaOjBeK7H+5sE="
                        },
                        "xmlbuilder": {
                            "version": "8.2.2",
                            "resolved": "https://registry.npmjs.org/xmlbuilder/-/xmlbuilder-8.2.2.tgz",
                            "integrity": "sha1-aSSGc0ELS6QuGmE2VR0pIjNap3M="
                        }
                    }
                },
                "xml-escape": {
                    "version": "1.1.0",
                    "bundled": true
                },
                "xmlbuilder": {
                    "version": "4.0.0",
                    "bundled": true
                },
                "xmldom": {
                    "version": "0.1.27",
                    "bundled": true
                }
            }
        },
        "cordova-plugin-compat": {
            "version": "1.1.0",
            "resolved": "https://registry.npmjs.org/cordova-plugin-compat/-/cordova-plugin-compat-1.1.0.tgz",
            "integrity": "sha1-kr3xaf62EgUyPcyWo/+DSON+h/w="
        },
        "cordova-plugin-device": {
            "version": "1.1.6",
            "resolved": "https://registry.npmjs.org/cordova-plugin-device/-/cordova-plugin-device-1.1.6.tgz",
            "integrity": "sha1-LSF2TK18m4AVI+TgmjDgJLJJM0s="
        },
        "cordova-plugin-file": {
            "version": "4.3.3",
            "resolved": "https://registry.npmjs.org/cordova-plugin-file/-/cordova-plugin-file-4.3.3.tgz",
            "integrity": "sha1-AS6Xqhr7kfhJFuY0G1SDZtI96bk="
        },
        "cordova-plugin-migrate-localstorage": {
            "version": "0.0.2",
            "resolved": "https://registry.npmjs.org/cordova-plugin-migrate-localstorage/-/cordova-plugin-migrate-localstorage-0.0.2.tgz",
            "integrity": "sha512-WYCuLzEhtTR6y3+IWhyRB88P4OUn1VMx8nCX/3rp0ZIZQGTlFESelWMtIkdPEQgWj8TKA6Gu7S1iYBS3aelzbQ=="
        },
        "cordova-plugin-pbkdf2": {
            "version": "0.2.0",
            "resolved": "https://registry.npmjs.org/cordova-plugin-pbkdf2/-/cordova-plugin-pbkdf2-0.2.0.tgz",
            "integrity": "sha512-QBd0BsInzxh4/vKojtEV2nqOlSO2Jy/AUTCI/uxBA2ZEndfkY856U5gheGybckv8CDR4XQc/edAEIfwUxZHaEg=="
        },
        "cordova-plugin-splashscreen": {
            "version": "4.0.3",
            "resolved": "https://registry.npmjs.org/cordova-plugin-splashscreen/-/cordova-plugin-splashscreen-4.0.3.tgz",
            "integrity": "sha1-dzzRNjwfO6y5kBZj6eN5PdPgoZ0="
        },
        "cordova-plugin-wkwebview-engine": {
            "version": "1.1.3",
            "resolved": "https://registry.npmjs.org/cordova-plugin-wkwebview-engine/-/cordova-plugin-wkwebview-engine-1.1.3.tgz",
            "integrity": "sha1-mAed+vqXWlg00F60uE96ti/OOmQ="
        },
        "elementtree": {
            "version": "0.1.7",
            "resolved": "https://registry.npmjs.org/elementtree/-/elementtree-0.1.7.tgz",
            "integrity": "sha1-mskb5uUvtuYkTE5UpKw+2K6OKcA="
        },
        "fs.realpath": {
            "version": "1.0.0",
            "resolved": "https://registry.npmjs.org/fs.realpath/-/fs.realpath-1.0.0.tgz",
            "integrity": "sha1-FQStJSMVjKpA20onh8sBQRmU6k8="
        },
        "glob": {
            "version": "7.1.2",
            "resolved": "https://registry.npmjs.org/glob/-/glob-7.1.2.tgz",
            "integrity": "sha512-MJTUg1kjuLeQCJ+ccE4Vpa6kKVXkPYJ2mOCQyUuKLcLQsdrMCpBPUi8qVE6+YuaJkozeA9NusTAw3hLr8Xe5EQ=="
        },
        "inflight": {
            "version": "1.0.6",
            "resolved": "https://registry.npmjs.org/inflight/-/inflight-1.0.6.tgz",
            "integrity": "sha1-Sb1jMdfQLQwJvJEKEHW6gWW1bfk="
        },
        "inherits": {
            "version": "2.0.3",
            "resolved": "https://registry.npmjs.org/inherits/-/inherits-2.0.3.tgz",
            "integrity": "sha1-Yzwsg+PaQqUC9SRmAiSA9CCCYd4="
        },
        "interpret": {
            "version": "1.0.3",
            "resolved": "https://registry.npmjs.org/interpret/-/interpret-1.0.3.tgz",
            "integrity": "sha1-y8NcYu7uc/Gat7EKgBURQBr8D5A="
        },
        "lodash": {
            "version": "4.17.4",
            "resolved": "https://registry.npmjs.org/lodash/-/lodash-4.17.4.tgz",
            "integrity": "sha1-eCA6TRwyiuHYbcpkYONptX9AVa4="
        },
        "minimatch": {
            "version": "3.0.4",
            "resolved": "https://registry.npmjs.org/minimatch/-/minimatch-3.0.4.tgz",
            "integrity": "sha512-yJHVQEhyqPLUTgt9B83PXu6W3rx4MvvHvSUvToogpwoGDOUQ+yDrR0HRot+yOCdCO7u4hX3pWft6kWBBcqh0UA=="
        },
        "node-uuid": {
            "version": "1.4.7",
            "resolved": "https://registry.npmjs.org/node-uuid/-/node-uuid-1.4.7.tgz",
            "integrity": "sha1-baWhdmjEs91ZYjvaEc9/pMH2Cm8="
        },
        "once": {
            "version": "1.4.0",
            "resolved": "https://registry.npmjs.org/once/-/once-1.4.0.tgz",
            "integrity": "sha1-WDsap3WWHUsROsF9nFC6753Xa9E="
        },
        "path-is-absolute": {
            "version": "1.0.1",
            "resolved": "https://registry.npmjs.org/path-is-absolute/-/path-is-absolute-1.0.1.tgz",
            "integrity": "sha1-F0uSaHNVNP+8es5r9TpanhtcX18="
        },
        "path-parse": {
            "version": "1.0.5",
            "resolved": "https://registry.npmjs.org/path-parse/-/path-parse-1.0.5.tgz",
            "integrity": "sha1-PBrfhx6pzWyUMbbqK9dKD/BVxME="
        },
        "pegjs": {
            "version": "0.9.0",
            "resolved": "https://registry.npmjs.org/pegjs/-/pegjs-0.9.0.tgz",
            "integrity": "sha1-9q76LjzlYWkgjlIXnf5B+JFBo2k="
        },
        "plist": {
            "version": "1.2.0",
            "resolved": "https://registry.npmjs.org/plist/-/plist-1.2.0.tgz",
            "integrity": "sha1-CEtQk93JJQbiWfh0uNmxr7jHlZM="
        },
        "rechoir": {
            "version": "0.6.2",
            "resolved": "https://registry.npmjs.org/rechoir/-/rechoir-0.6.2.tgz",
            "integrity": "sha1-hSBLVNuoLVdC4oyWdW70OvUOM4Q="
        },
        "resolve": {
            "version": "1.4.0",
            "resolved": "https://registry.npmjs.org/resolve/-/resolve-1.4.0.tgz",
            "integrity": "sha512-aW7sVKPufyHqOmyyLzg/J+8606v5nevBgaliIlV7nUpVMsDnoBGV/cbSLNjZAg9q0Cfd/+easKVKQ8vOu8fn1Q=="
        },
        "sax": {
            "version": "1.1.4",
            "resolved": "https://registry.npmjs.org/sax/-/sax-1.1.4.tgz",
            "integrity": "sha1-dLbTPJrh4AFRDxeakRaFiPGu2qk="
        },
        "shelljs": {
            "version": "0.7.8",
            "resolved": "https://registry.npmjs.org/shelljs/-/shelljs-0.7.8.tgz",
            "integrity": "sha1-3svPh0sNHl+3LhSxZKloMEjprLM="
        },
        "simple-plist": {
            "version": "0.1.4",
            "resolved": "https://registry.npmjs.org/simple-plist/-/simple-plist-0.1.4.tgz",
            "integrity": "sha1-EOtRtH4zxVbrjsRtXuZNZOcX210="
        },
        "stream-buffers": {
            "version": "0.2.6",
            "resolved": "https://registry.npmjs.org/stream-buffers/-/stream-buffers-0.2.6.tgz",
            "integrity": "sha1-GBwI1bs2kARfaUAbmuanoM8zE/w="
        },
        "tostr": {
            "version": "0.1.0",
            "resolved": "https://registry.npmjs.org/tostr/-/tostr-0.1.0.tgz",
            "integrity": "sha1-cjm6H6gHyBAMlTLNIxvwQat3lik="
        },
        "util-deprecate": {
            "version": "1.0.2",
            "resolved": "https://registry.npmjs.org/util-deprecate/-/util-deprecate-1.0.2.tgz",
            "integrity": "sha1-RQ1Nyfpw3nMnYvvS1KKJgUGaDM8="
        },
        "wrappy": {
            "version": "1.0.2",
            "resolved": "https://registry.npmjs.org/wrappy/-/wrappy-1.0.2.tgz",
            "integrity": "sha1-tSQ9jz7BqjXxNkYFvA0QNuMKtp8="
        },
        "xcode": {
            "version": "0.8.9",
            "resolved": "https://registry.npmjs.org/xcode/-/xcode-0.8.9.tgz",
            "integrity": "sha1-7Gdl9w6dzMzJ9umlubTn6BS0zzU="
        },
        "xmlbuilder": {
            "version": "4.0.0",
            "resolved": "https://registry.npmjs.org/xmlbuilder/-/xmlbuilder-4.0.0.tgz",
            "integrity": "sha1-mLj2UcowqmJANvEn0RzGbce5B6M=",
            "dependencies": {
                "lodash": {
                    "version": "3.10.1",
                    "resolved": "https://registry.npmjs.org/lodash/-/lodash-3.10.1.tgz",
                    "integrity": "sha1-W/Rejkm6QYnhfUgnid/RW9FAt7Y="
                }
            }
        },
        "xmldom": {
            "version": "0.1.27",
            "resolved": "https://registry.npmjs.org/xmldom/-/xmldom-0.1.27.tgz",
            "integrity": "sha1-1QH5ezvbQDr4757MIFcxh6rawOk="
        }
    }
}
