{
    "name": "com.maklesoft.padlock",
    "version": "2.0.0-alpha.2",
    "lockfileVersion": 1,
    "dependencies": {
        "cordova-plugin-migrate-localstorage": {
            "version": "0.0.1",
            "resolved": "https://registry.npmjs.org/cordova-plugin-migrate-localstorage/-/cordova-plugin-migrate-localstorage-0.0.1.tgz",
            "integrity": "sha512-3Es/oBDSmt5vPM/TAqZVq9rCk7Mhr8H2P8Glu6eWZcOVp3hZBwJA5U5Le7ivQihH0zrnOK1cXICg11feuSO0AQ=="
        }
    }
}
