{
	"name": "@padloc/billing",
	"version": "3.0.0",
	"lockfileVersion": 1,
	"requires": true,
	"dependencies": {
		"@types/node": {
			"version": "11.13.8",
			"resolved": "https://registry.npmjs.org/@types/node/-/node-11.13.8.tgz",
			"integrity": "sha512-szA3x/3miL90ZJxUCzx9haNbK5/zmPieGraZEe4WI+3srN0eGLiT22NXeMHmyhNEopn+IrxqMc7wdVwvPl8meg==",
			"dev": true
		},
		"@types/stripe": {
			"version": "6.25.14",
			"resolved": "https://registry.npmjs.org/@types/stripe/-/stripe-6.25.14.tgz",
			"integrity": "sha512-EsSQSLUkPLNmtIKh8cbdgxHc0VFxk/inTxPen4DqLF+HwWCb+BL6bzgX5UqrEQs3bsLERkcseR+CPysp2uy/hw==",
			"dev": true,
			"requires": {
				"@types/node": "*"
			}
		},
		"lodash.isplainobject": {
			"version": "4.0.6",
			"resolved": "https://registry.npmjs.org/lodash.isplainobject/-/lodash.isplainobject-4.0.6.tgz",
			"integrity": "sha1-fFJqUtibRcRcxpC4gWO+BJf1UMs="
		},
		"qs": {
			"version": "6.7.0",
			"resolved": "https://registry.npmjs.org/qs/-/qs-6.7.0.tgz",
			"integrity": "sha512-VCdBRNFTX1fyE7Nb6FYoURo/SPe62QCaAyzJvUjwRaIsc+NePBEniHlvxFmmX56+HZphIGtV0XeCirBtpDrTyQ=="
		},
		"safe-buffer": {
			"version": "5.1.2",
			"resolved": "https://registry.npmjs.org/safe-buffer/-/safe-buffer-5.1.2.tgz",
			"integrity": "sha512-Gd2UZBJDkXlY7GbJxfsE8/nvKkUEU1G38c1siN6QP6a9PT9MmHB8GnpscSmMJSoF8LOIrt8ud/wPtojys4G6+g=="
		},
		"stripe": {
			"version": "6.31.2",
			"resolved": "https://registry.npmjs.org/stripe/-/stripe-6.31.2.tgz",
			"integrity": "sha512-QQtRRm3YxhRuNAoGikLy8DM4k0/wYLIEmPUIpyweCWcW1R0H6gkzlNjAKf9+Ig29K8kUn/BjUks1WJ4IBzpgTg==",
			"requires": {
				"lodash.isplainobject": "^4.0.6",
				"qs": "^6.6.0",
				"safe-buffer": "^5.1.1",
				"uuid": "^3.3.2"
			}
		},
		"typescript": {
			"version": "3.4.5",
			"resolved": "https://registry.npmjs.org/typescript/-/typescript-3.4.5.tgz",
			"integrity": "sha512-YycBxUb49UUhdNMU5aJ7z5Ej2XGmaIBL0x34vZ82fn3hGvD+bgrMrVDpatgz2f7YxUMJxMkbWxJZeAvDxVe7Vw==",
			"dev": true
		},
		"uuid": {
			"version": "3.3.2",
			"resolved": "https://registry.npmjs.org/uuid/-/uuid-3.3.2.tgz",
			"integrity": "sha512-yXJmeNaw3DnnKAOKJE51sL/ZaYfWJRl1pK9dr19YFCu0ObS231AB1/LbqTKRAQ5kw8A90rA6fr4riOUpTZvQZA=="
		}
	}
}
