{
	"name": "@padlock/core",
	"version": "1.0.0",
	"lockfileVersion": 1,
	"requires": true,
	"dependencies": {
		"date-fns": {
			"version": "1.29.0",
			"resolved": "https://registry.npmjs.org/date-fns/-/date-fns-1.29.0.tgz",
			"integrity": "sha512-lbTXWZ6M20cWH8N9S6afb0SBm6tMk+uUg6z3MqHPKE9atmsY3kJkTm8vKe93izJ2B2+q5MV990sM2CHgtAZaOw=="
		}
	}
}
