{
	"name": "@padlock/server",
	"version": "1.0.0",
	"lockfileVersion": 1,
	"requires": true,
	"dependencies": {
		"@koa/cors": {
			"version": "2.2.2",
			"resolved": "https://registry.npmjs.org/@koa/cors/-/cors-2.2.2.tgz",
			"integrity": "sha512-Ollvsy3wB8+7R9w6hPVzlj3wekF6nK+IHpHj7faSPVXCkahqCwNEPp9+0C4b51RDkdpHjevLEGLOKuVjqtXgSQ=="
		},
		"@types/accepts": {
			"version": "1.3.5",
			"resolved": "https://registry.npmjs.org/@types/accepts/-/accepts-1.3.5.tgz",
			"integrity": "sha512-jOdnI/3qTpHABjM5cx1Hc0sKsPoYCp+DP/GJRGtDlPd7fiV9oXGGIcjW/ZOxLIvjGz8MA+uMZI9metHlgqbgwQ==",
			"requires": {
				"@types/node": "*"
			}
		},
		"@types/body-parser": {
			"version": "1.17.0",
			"resolved": "https://registry.npmjs.org/@types/body-parser/-/body-parser-1.17.0.tgz",
			"integrity": "sha512-a2+YeUjPkztKJu5aIF2yArYFQQp8d51wZ7DavSHjFuY1mqVgidGyzEQ41JIVNy82fXj8yPgy2vJmfIywgESW6w==",
			"requires": {
				"@types/connect": "*",
				"@types/node": "*"
			}
		},
		"@types/connect": {
			"version": "3.4.32",
			"resolved": "https://registry.npmjs.org/@types/connect/-/connect-3.4.32.tgz",
			"integrity": "sha512-4r8qa0quOvh7lGD0pre62CAb1oni1OO6ecJLGCezTmhQ8Fz50Arx9RUszryR8KlgK6avuSXvviL6yWyViQABOg==",
			"requires": {
				"@types/node": "*"
			}
		},
		"@types/cookies": {
			"version": "0.7.1",
			"resolved": "https://registry.npmjs.org/@types/cookies/-/cookies-0.7.1.tgz",
			"integrity": "sha512-ku6IvbucEyuC6i4zAVK/KnuzWNXdbFd1HkXlNLg/zhWDGTtQT5VhumiPruB/BHW34PWVFwyfwGftDQHfWNxu3Q==",
			"requires": {
				"@types/connect": "*",
				"@types/express": "*",
				"@types/keygrip": "*",
				"@types/node": "*"
			}
		},
		"@types/events": {
			"version": "1.2.0",
			"resolved": "https://registry.npmjs.org/@types/events/-/events-1.2.0.tgz",
			"integrity": "sha512-KEIlhXnIutzKwRbQkGWb/I4HFqBuUykAdHgDED6xqwXJfONCjF5VoE0cXEiurh3XauygxzeDzgtXUqvLkxFzzA=="
		},
		"@types/express": {
			"version": "4.16.0",
			"resolved": "https://registry.npmjs.org/@types/express/-/express-4.16.0.tgz",
			"integrity": "sha512-TtPEYumsmSTtTetAPXlJVf3kEqb6wZK0bZojpJQrnD/djV4q1oB6QQ8aKvKqwNPACoe02GNiy5zDzcYivR5Z2w==",
			"requires": {
				"@types/body-parser": "*",
				"@types/express-serve-static-core": "*",
				"@types/serve-static": "*"
			}
		},
		"@types/express-serve-static-core": {
			"version": "4.16.0",
			"resolved": "https://registry.npmjs.org/@types/express-serve-static-core/-/express-serve-static-core-4.16.0.tgz",
			"integrity": "sha512-lTeoCu5NxJU4OD9moCgm0ESZzweAx0YqsAcab6OB0EB3+As1OaHtKnaGJvcngQxYsi9UNv0abn4/DRavrRxt4w==",
			"requires": {
				"@types/events": "*",
				"@types/node": "*",
				"@types/range-parser": "*"
			}
		},
		"@types/fs-extra": {
			"version": "5.0.4",
			"resolved": "https://registry.npmjs.org/@types/fs-extra/-/fs-extra-5.0.4.tgz",
			"integrity": "sha512-DsknoBvD8s+RFfSGjmERJ7ZOP1HI0UZRA3FSI+Zakhrc/Gy26YQsLI+m5V5DHxroHRJqCDLKJp7Hixn8zyaF7g==",
			"dev": true,
			"requires": {
				"@types/node": "*"
			}
		},
		"@types/http-assert": {
			"version": "1.3.0",
			"resolved": "https://registry.npmjs.org/@types/http-assert/-/http-assert-1.3.0.tgz",
			"integrity": "sha512-RObYTpPMo0IY+ZksPtKHsXlYFRxsYIvUqd68e89Y7otDrXsjBy1VgMd53kxVV0JMsNlkCASjllFOlLlhxEv0iw=="
		},
		"@types/keygrip": {
			"version": "1.0.1",
			"resolved": "https://registry.npmjs.org/@types/keygrip/-/keygrip-1.0.1.tgz",
			"integrity": "sha1-/1QEYtL7TQqIRBzq8n0oewHD2Hg="
		},
		"@types/koa": {
			"version": "2.0.46",
			"resolved": "https://registry.npmjs.org/@types/koa/-/koa-2.0.46.tgz",
			"integrity": "sha512-Dw10hYKv3exrc71GmH/Fqnc7dCLzdiP8bM1MLelPYjgIH5kQ6mPFreM3Z0uLK9EFaeCZZUYqsedDLCf3Urrysg==",
			"requires": {
				"@types/accepts": "*",
				"@types/cookies": "*",
				"@types/events": "*",
				"@types/http-assert": "*",
				"@types/keygrip": "*",
				"@types/koa-compose": "*",
				"@types/node": "*"
			}
		},
		"@types/koa-bodyparser": {
			"version": "5.0.1",
			"resolved": "https://registry.npmjs.org/@types/koa-bodyparser/-/koa-bodyparser-5.0.1.tgz",
			"integrity": "sha512-nL9JGPAHTnFb7zDm9u0bdXEMsbTgCJWcyHJRRPTSCkErzDSyeuSum7IemS697NTpWDwQw+Y9d/CYzvWKlAsMRQ==",
			"requires": {
				"@types/koa": "*"
			}
		},
		"@types/koa-compose": {
			"version": "3.2.2",
			"resolved": "https://registry.npmjs.org/@types/koa-compose/-/koa-compose-3.2.2.tgz",
			"integrity": "sha1-3BBuAAu/kqOskA91bfRzRIh+6Ec="
		},
		"@types/koa-route": {
			"version": "3.2.4",
			"resolved": "https://registry.npmjs.org/@types/koa-route/-/koa-route-3.2.4.tgz",
			"integrity": "sha512-jB4I4/HppiHiSFMqQvMC2Px5Zm8CExA7Bw7xW+o60xh4v0LrNTfKV7LMCGuJNRuUuTTiRcJvF1rbq5mINgQ1UQ==",
			"dev": true,
			"requires": {
				"@types/koa": "*",
				"path-to-regexp": "^1.7.0"
			}
		},
		"@types/levelup": {
			"version": "0.0.30",
			"resolved": "https://registry.npmjs.org/@types/levelup/-/levelup-0.0.30.tgz",
			"integrity": "sha1-hp3XqCzb5Zg+c3AGof9OQvrJfKc=",
			"dev": true,
			"requires": {
				"@types/node": "*"
			}
		},
		"@types/mime": {
			"version": "2.0.0",
			"resolved": "https://registry.npmjs.org/@types/mime/-/mime-2.0.0.tgz",
			"integrity": "sha512-A2TAGbTFdBw9azHbpVd+/FkdW2T6msN1uct1O9bH3vTerEHKZhTXJUQXy+hNq1B0RagfU8U+KBdqiZpxjhOUQA=="
		},
		"@types/node": {
			"version": "10.10.1",
			"resolved": "https://registry.npmjs.org/@types/node/-/node-10.10.1.tgz",
			"integrity": "sha512-nzsx28VwfaIykfzMAG9TB3jxF5Nn+1/WMKnmVZc8TsB+LMIVvwUscVn7PAq+LFaY5ng5u4jp5mRROSswo76PPA=="
		},
		"@types/nodemailer": {
			"version": "4.6.5",
			"resolved": "https://registry.npmjs.org/@types/nodemailer/-/nodemailer-4.6.5.tgz",
			"integrity": "sha512-cbs2HFLj33TBqzcCqTrs+6/mgTX3xl0odbApv3vTdF2+JERLxh5rDZCasXhvy+YqaiUNBr2I1RjNCdbKGs1Bnw==",
			"dev": true,
			"requires": {
				"@types/events": "*",
				"@types/node": "*"
			}
		},
		"@types/range-parser": {
			"version": "1.2.2",
			"resolved": "https://registry.npmjs.org/@types/range-parser/-/range-parser-1.2.2.tgz",
			"integrity": "sha512-HtKGu+qG1NPvYe1z7ezLsyIaXYyi8SoAVqWDZgDQ8dLrsZvSzUNCwZyfX33uhWxL/SU0ZDQZ3nwZ0nimt507Kw=="
		},
		"@types/serve-static": {
			"version": "1.13.2",
			"resolved": "https://registry.npmjs.org/@types/serve-static/-/serve-static-1.13.2.tgz",
			"integrity": "sha512-/BZ4QRLpH/bNYgZgwhKEh+5AsboDBcUdlBYgzoLX0fpj3Y2gp6EApyOlM3bK53wQS/OE1SrdSYBAbux2D1528Q==",
			"requires": {
				"@types/express-serve-static-core": "*",
				"@types/mime": "*"
			}
		},
		"abstract-leveldown": {
			"version": "5.0.0",
			"resolved": "https://registry.npmjs.org/abstract-leveldown/-/abstract-leveldown-5.0.0.tgz",
			"integrity": "sha512-5mU5P1gXtsMIXg65/rsYGsi93+MlogXZ9FA8JnwKurHQg64bfXwGYVdVdijNTVNOlAsuIiOwHdvFFD5JqCJQ7A==",
			"requires": {
				"xtend": "~4.0.0"
			}
		},
		"accepts": {
			"version": "1.3.5",
			"resolved": "https://registry.npmjs.org/accepts/-/accepts-1.3.5.tgz",
			"integrity": "sha1-63d99gEXI6OxTopywIBcjoZ0a9I=",
			"requires": {
				"mime-types": "~2.1.18",
				"negotiator": "0.6.1"
			}
		},
		"ansi-regex": {
			"version": "2.1.1",
			"resolved": "https://registry.npmjs.org/ansi-regex/-/ansi-regex-2.1.1.tgz",
			"integrity": "sha1-w7M6te42DYbg5ijwRorn7yfWVN8="
		},
		"any-promise": {
			"version": "1.3.0",
			"resolved": "https://registry.npmjs.org/any-promise/-/any-promise-1.3.0.tgz",
			"integrity": "sha1-q8av7tzqUugJzcA3au0845Y10X8="
		},
		"aproba": {
			"version": "1.2.0",
			"resolved": "https://registry.npmjs.org/aproba/-/aproba-1.2.0.tgz",
			"integrity": "sha512-Y9J6ZjXtoYh8RnXVCMOU/ttDmk1aBjunq9vO0ta5x85WDQiQfUF9sIPBITdbiiIVcBo03Hi3jMxigBtsddlXRw=="
		},
		"are-we-there-yet": {
			"version": "1.1.5",
			"resolved": "https://registry.npmjs.org/are-we-there-yet/-/are-we-there-yet-1.1.5.tgz",
			"integrity": "sha512-5hYdAkZlcG8tOLujVDTgCT+uPX0VnpAH28gWsLfzpXYm7wP6mp5Q/gYyR7YQ0cKVJcXJnl3j2kpBan13PtQf6w==",
			"requires": {
				"delegates": "^1.0.0",
				"readable-stream": "^2.0.6"
			}
		},
		"arrify": {
			"version": "1.0.1",
			"resolved": "https://registry.npmjs.org/arrify/-/arrify-1.0.1.tgz",
			"integrity": "sha1-iYUI2iIm84DfkEcoRWhJwVAaSw0=",
			"dev": true
		},
		"bindings": {
			"version": "1.3.0",
			"resolved": "https://registry.npmjs.org/bindings/-/bindings-1.3.0.tgz",
			"integrity": "sha512-DpLh5EzMR2kzvX1KIlVC0VkC3iZtHKTgdtZ0a3pglBZdaQFjt5S9g9xd1lE+YvXyfd6mtCeRnrUfOLYiTMlNSw=="
		},
		"bl": {
			"version": "1.2.2",
			"resolved": "https://registry.npmjs.org/bl/-/bl-1.2.2.tgz",
			"integrity": "sha512-e8tQYnZodmebYDWGH7KMRvtzKXaJHx3BbilrgZCfvyLUYdKpK1t5PSPmpkny/SgiTSCnjfLW7v5rlONXVFkQEA==",
			"requires": {
				"readable-stream": "^2.3.5",
				"safe-buffer": "^5.1.1"
			}
		},
		"buffer-alloc": {
			"version": "1.2.0",
			"resolved": "https://registry.npmjs.org/buffer-alloc/-/buffer-alloc-1.2.0.tgz",
			"integrity": "sha512-CFsHQgjtW1UChdXgbyJGtnm+O/uLQeZdtbDo8mfUgYXCHSM1wgrVxXm6bSyrUuErEb+4sYVGCzASBRot7zyrow==",
			"requires": {
				"buffer-alloc-unsafe": "^1.1.0",
				"buffer-fill": "^1.0.0"
			}
		},
		"buffer-alloc-unsafe": {
			"version": "1.1.0",
			"resolved": "https://registry.npmjs.org/buffer-alloc-unsafe/-/buffer-alloc-unsafe-1.1.0.tgz",
			"integrity": "sha512-TEM2iMIEQdJ2yjPJoSIsldnleVaAk1oW3DBVUykyOLsEsFmEc9kn+SFFPz+gl54KQNxlDnAwCXosOS9Okx2xAg=="
		},
		"buffer-fill": {
			"version": "1.0.0",
			"resolved": "https://registry.npmjs.org/buffer-fill/-/buffer-fill-1.0.0.tgz",
			"integrity": "sha1-+PeLdniYiO858gXNY39o5wISKyw="
		},
		"buffer-from": {
			"version": "1.1.1",
			"resolved": "https://registry.npmjs.org/buffer-from/-/buffer-from-1.1.1.tgz",
			"integrity": "sha512-MQcXEUbCKtEo7bhqEs6560Hyd4XaovZlO/k9V3hjVUF/zwW7KBVdSK4gIt/bzwS9MbR5qob+F5jusZsb0YQK2A==",
			"dev": true
		},
		"bytes": {
			"version": "3.0.0",
			"resolved": "https://registry.npmjs.org/bytes/-/bytes-3.0.0.tgz",
			"integrity": "sha1-0ygVQE1olpn4Wk6k+odV3ROpYEg="
		},
		"cache-content-type": {
			"version": "1.0.1",
			"resolved": "https://registry.npmjs.org/cache-content-type/-/cache-content-type-1.0.1.tgz",
			"integrity": "sha512-IKufZ1o4Ut42YUrZSo8+qnMTrFuKkvyoLXUywKz9GJ5BrhOFGhLdkx9sG4KAnVvbY6kEcSFjLQul+DVmBm2bgA==",
			"requires": {
				"mime-types": "^2.1.18",
				"ylru": "^1.2.0"
			}
		},
		"chownr": {
			"version": "1.1.1",
			"resolved": "https://registry.npmjs.org/chownr/-/chownr-1.1.1.tgz",
			"integrity": "sha512-j38EvO5+LHX84jlo6h4UzmOwi0UgW61WRyPtJz4qaadK5eY3BTS5TY/S1Stc3Uk2lIM6TPevAlULiEJwie860g=="
		},
		"co": {
			"version": "4.6.0",
			"resolved": "https://registry.npmjs.org/co/-/co-4.6.0.tgz",
			"integrity": "sha1-bqa989hTrlTMuOR7+gvz+QMfsYQ="
		},
		"co-body": {
			"version": "6.0.0",
			"resolved": "https://registry.npmjs.org/co-body/-/co-body-6.0.0.tgz",
			"integrity": "sha512-9ZIcixguuuKIptnY8yemEOuhb71L/lLf+Rl5JfJEUiDNJk0e02MBt7BPxR2GEh5mw8dPthQYR4jPI/BnS1MQgw==",
			"requires": {
				"inflation": "^2.0.0",
				"qs": "^6.5.2",
				"raw-body": "^2.3.3",
				"type-is": "^1.6.16"
			}
		},
		"code-point-at": {
			"version": "1.1.0",
			"resolved": "https://registry.npmjs.org/code-point-at/-/code-point-at-1.1.0.tgz",
			"integrity": "sha1-DQcLTQQ6W+ozovGkDi7bPZpMz3c="
		},
		"console-control-strings": {
			"version": "1.1.0",
			"resolved": "https://registry.npmjs.org/console-control-strings/-/console-control-strings-1.1.0.tgz",
			"integrity": "sha1-PXz0Rk22RG6mRL9LOVB/mFEAjo4="
		},
		"content-disposition": {
			"version": "0.5.2",
			"resolved": "https://registry.npmjs.org/content-disposition/-/content-disposition-0.5.2.tgz",
			"integrity": "sha1-DPaLud318r55YcOoUXjLhdunjLQ="
		},
		"content-type": {
			"version": "1.0.4",
			"resolved": "https://registry.npmjs.org/content-type/-/content-type-1.0.4.tgz",
			"integrity": "sha512-hIP3EEPs8tB9AT1L+NUqtwOAps4mk2Zob89MWXMHjHWg9milF/j4osnnQLXBCBFBk/tvIG/tUc9mOUJiPBhPXA=="
		},
		"cookies": {
			"version": "0.7.2",
			"resolved": "https://registry.npmjs.org/cookies/-/cookies-0.7.2.tgz",
			"integrity": "sha512-J2JjH9T3PUNKPHknprxgCrCaZshIfxW2j49gq1E1CP5Micj1LppWAR2y9EHSQAzEiX84zOsScWNwUZ0b/ChlMw==",
			"requires": {
				"depd": "~1.1.2",
				"keygrip": "~1.0.2"
			}
		},
		"copy-to": {
			"version": "2.0.1",
			"resolved": "https://registry.npmjs.org/copy-to/-/copy-to-2.0.1.tgz",
			"integrity": "sha1-JoD7uAaKSNCGVrYJgJK9r8kG9KU="
		},
		"core-util-is": {
			"version": "1.0.2",
			"resolved": "https://registry.npmjs.org/core-util-is/-/core-util-is-1.0.2.tgz",
			"integrity": "sha1-tf1UIgqivFq1eqtxQMlAdUUDwac="
		},
		"debug": {
			"version": "3.1.0",
			"resolved": "https://registry.npmjs.org/debug/-/debug-3.1.0.tgz",
			"integrity": "sha512-OX8XqP7/1a9cqkxYw2yXss15f26NKWBpDXQd0/uK/KPqdQhxbPa994hnzjcE2VqQpDslf55723cKPUOGSmMY3g==",
			"requires": {
				"ms": "2.0.0"
			}
		},
		"decompress-response": {
			"version": "3.3.0",
			"resolved": "https://registry.npmjs.org/decompress-response/-/decompress-response-3.3.0.tgz",
			"integrity": "sha1-gKTdMjdIOEv6JICDYirt7Jgq3/M=",
			"requires": {
				"mimic-response": "^1.0.0"
			}
		},
		"deep-equal": {
			"version": "1.0.1",
			"resolved": "https://registry.npmjs.org/deep-equal/-/deep-equal-1.0.1.tgz",
			"integrity": "sha1-9dJgKStmDghO/0zbyfCK0yR0SLU="
		},
		"deep-extend": {
			"version": "0.6.0",
			"resolved": "https://registry.npmjs.org/deep-extend/-/deep-extend-0.6.0.tgz",
			"integrity": "sha512-LOHxIOaPYdHlJRtCQfDIVZtfw/ufM8+rVj649RIHzcm/vGwQRXFt6OPqIFWsm2XEMrNIEtWR64sY1LEKD2vAOA=="
		},
		"deferred-leveldown": {
			"version": "4.0.2",
			"resolved": "https://registry.npmjs.org/deferred-leveldown/-/deferred-leveldown-4.0.2.tgz",
			"integrity": "sha512-5fMC8ek8alH16QiV0lTCis610D1Zt1+LA4MS4d63JgS32lrCjTFDUFz2ao09/j2I4Bqb5jL4FZYwu7Jz0XO1ww==",
			"requires": {
				"abstract-leveldown": "~5.0.0",
				"inherits": "^2.0.3"
			}
		},
		"delegates": {
			"version": "1.0.0",
			"resolved": "https://registry.npmjs.org/delegates/-/delegates-1.0.0.tgz",
			"integrity": "sha1-hMbhWbgZBP3KWaDvRM2HDTElD5o="
		},
		"depd": {
			"version": "1.1.2",
			"resolved": "https://registry.npmjs.org/depd/-/depd-1.1.2.tgz",
			"integrity": "sha1-m81S4UwJd2PnSbJ0xDRu0uVgtak="
		},
		"destroy": {
			"version": "1.0.4",
			"resolved": "https://registry.npmjs.org/destroy/-/destroy-1.0.4.tgz",
			"integrity": "sha1-l4hXRCxEdJ5CBmE+N5RiBYJqvYA="
		},
		"detect-libc": {
			"version": "1.0.3",
			"resolved": "https://registry.npmjs.org/detect-libc/-/detect-libc-1.0.3.tgz",
			"integrity": "sha1-+hN8S9aY7fVc1c0CrFWfkaTEups="
		},
		"diff": {
			"version": "3.5.0",
			"resolved": "https://registry.npmjs.org/diff/-/diff-3.5.0.tgz",
			"integrity": "sha512-A46qtFgd+g7pDZinpnwiRJtxbC1hpgf0uzP3iG89scHk0AUC7A1TGxf5OiiOUv/JMZR8GOt8hL900hV0bOy5xA==",
			"dev": true
		},
		"ee-first": {
			"version": "1.1.1",
			"resolved": "https://registry.npmjs.org/ee-first/-/ee-first-1.1.1.tgz",
			"integrity": "sha1-WQxhFWsK4vTwJVcyoViyZrxWsh0="
		},
		"encoding-down": {
			"version": "5.0.4",
			"resolved": "https://registry.npmjs.org/encoding-down/-/encoding-down-5.0.4.tgz",
			"integrity": "sha512-8CIZLDcSKxgzT+zX8ZVfgNbu8Md2wq/iqa1Y7zyVR18QBEAc0Nmzuvj/N5ykSKpfGzjM8qxbaFntLPwnVoUhZw==",
			"requires": {
				"abstract-leveldown": "^5.0.0",
				"inherits": "^2.0.3",
				"level-codec": "^9.0.0",
				"level-errors": "^2.0.0",
				"xtend": "^4.0.1"
			}
		},
		"end-of-stream": {
			"version": "1.4.1",
			"resolved": "https://registry.npmjs.org/end-of-stream/-/end-of-stream-1.4.1.tgz",
			"integrity": "sha512-1MkrZNvWTKCaigbn+W15elq2BB/L22nqrSY5DKlo3X6+vclJm8Bb5djXJBmEX6fS3+zCh/F4VBK5Z2KxJt4s2Q==",
			"requires": {
				"once": "^1.4.0"
			}
		},
		"errno": {
			"version": "0.1.7",
			"resolved": "https://registry.npmjs.org/errno/-/errno-0.1.7.tgz",
			"integrity": "sha512-MfrRBDWzIWifgq6tJj60gkAwtLNb6sQPlcFrSOflcP1aFmmruKQ2wRnze/8V6kgyz7H3FF8Npzv78mZ7XLLflg==",
			"requires": {
				"prr": "~1.0.1"
			}
		},
		"error-inject": {
			"version": "1.0.0",
			"resolved": "https://registry.npmjs.org/error-inject/-/error-inject-1.0.0.tgz",
			"integrity": "sha1-4rPZG1Su1nLzCdlQ0VSFD6EdTzc="
		},
		"escape-html": {
			"version": "1.0.3",
			"resolved": "https://registry.npmjs.org/escape-html/-/escape-html-1.0.3.tgz",
			"integrity": "sha1-Aljq5NPQwJdN4cFpGI7wBR0dGYg="
		},
		"expand-template": {
			"version": "1.1.1",
			"resolved": "https://registry.npmjs.org/expand-template/-/expand-template-1.1.1.tgz",
			"integrity": "sha512-cebqLtV8KOZfw0UI8TEFWxtczxxC1jvyUvx6H4fyp1K1FN7A4Q+uggVUlOsI1K8AGU0rwOGqP8nCapdrw8CYQg=="
		},
		"fast-future": {
			"version": "1.0.2",
			"resolved": "https://registry.npmjs.org/fast-future/-/fast-future-1.0.2.tgz",
			"integrity": "sha1-hDWpqqAteSSNF9cE52JZMB2ZKAo="
		},
		"fresh": {
			"version": "0.5.2",
			"resolved": "https://registry.npmjs.org/fresh/-/fresh-0.5.2.tgz",
			"integrity": "sha1-PYyt2Q2XZWn6g1qx+OSyOhBWBac="
		},
		"fs-constants": {
			"version": "1.0.0",
			"resolved": "https://registry.npmjs.org/fs-constants/-/fs-constants-1.0.0.tgz",
			"integrity": "sha512-y6OAwoSIf7FyjMIv94u+b5rdheZEjzR63GTyZJm5qh4Bi+2YgwLCcI/fPFZkL5PSixOt6ZNKm+w+Hfp/Bciwow=="
		},
		"fs-extra": {
			"version": "6.0.1",
			"resolved": "https://registry.npmjs.org/fs-extra/-/fs-extra-6.0.1.tgz",
			"integrity": "sha512-GnyIkKhhzXZUWFCaJzvyDLEEgDkPfb4/TPvJCJVuS8MWZgoSsErf++QpiAlDnKFcqhRlm+tIOcencCjyJE6ZCA==",
			"requires": {
				"graceful-fs": "^4.1.2",
				"jsonfile": "^4.0.0",
				"universalify": "^0.1.0"
			}
		},
		"gauge": {
			"version": "2.7.4",
			"resolved": "https://registry.npmjs.org/gauge/-/gauge-2.7.4.tgz",
			"integrity": "sha1-LANAXHU4w51+s3sxcCLjJfsBi/c=",
			"requires": {
				"aproba": "^1.0.3",
				"console-control-strings": "^1.0.0",
				"has-unicode": "^2.0.0",
				"object-assign": "^4.1.0",
				"signal-exit": "^3.0.0",
				"string-width": "^1.0.1",
				"strip-ansi": "^3.0.1",
				"wide-align": "^1.1.0"
			}
		},
		"github-from-package": {
			"version": "0.0.0",
			"resolved": "https://registry.npmjs.org/github-from-package/-/github-from-package-0.0.0.tgz",
			"integrity": "sha1-l/tdlr/eiXMxPyDoKI75oWf6ZM4="
		},
		"graceful-fs": {
			"version": "4.1.11",
			"resolved": "https://registry.npmjs.org/graceful-fs/-/graceful-fs-4.1.11.tgz",
			"integrity": "sha1-Dovf5NHduIVNZOBOp8AOKgJuVlg="
		},
		"has-unicode": {
			"version": "2.0.1",
			"resolved": "https://registry.npmjs.org/has-unicode/-/has-unicode-2.0.1.tgz",
			"integrity": "sha1-4Ob+aijPUROIVeCG0Wkedx3iqLk="
		},
		"http-assert": {
			"version": "1.4.0",
			"resolved": "https://registry.npmjs.org/http-assert/-/http-assert-1.4.0.tgz",
			"integrity": "sha512-tPVv62a6l3BbQoM/N5qo969l0OFxqpnQzNUPeYfTP6Spo4zkgWeDBD1D5thI7sDLg7jCCihXTLB0X8UtdyAy8A==",
			"requires": {
				"deep-equal": "~1.0.1",
				"http-errors": "~1.7.1"
			}
		},
		"http-errors": {
			"version": "1.7.1",
			"resolved": "https://registry.npmjs.org/http-errors/-/http-errors-1.7.1.tgz",
			"integrity": "sha512-jWEUgtZWGSMba9I1N3gc1HmvpBUaNC9vDdA46yScAdp+C5rdEuKWUBLWTQpW9FwSWSbYYs++b6SDCxf9UEJzfw==",
			"requires": {
				"depd": "~1.1.2",
				"inherits": "2.0.3",
				"setprototypeof": "1.1.0",
				"statuses": ">= 1.5.0 < 2",
				"toidentifier": "1.0.0"
			}
		},
		"iconv-lite": {
			"version": "0.4.23",
			"resolved": "https://registry.npmjs.org/iconv-lite/-/iconv-lite-0.4.23.tgz",
			"integrity": "sha512-neyTUVFtahjf0mB3dZT77u+8O0QB89jFdnBkd5P1JgYPbPaia3gXXOVL2fq8VyU2gMMD7SaN7QukTB/pmXYvDA==",
			"requires": {
				"safer-buffer": ">= 2.1.2 < 3"
			}
		},
		"inflation": {
			"version": "2.0.0",
			"resolved": "https://registry.npmjs.org/inflation/-/inflation-2.0.0.tgz",
			"integrity": "sha1-i0F+R8KPklpFEz2RTKH9OJEH8w8="
		},
		"inherits": {
			"version": "2.0.3",
			"resolved": "https://registry.npmjs.org/inherits/-/inherits-2.0.3.tgz",
			"integrity": "sha1-Yzwsg+PaQqUC9SRmAiSA9CCCYd4="
		},
		"ini": {
			"version": "1.3.5",
			"resolved": "https://registry.npmjs.org/ini/-/ini-1.3.5.tgz",
			"integrity": "sha512-RZY5huIKCMRWDUqZlEi72f/lmXKMvuszcMBduliQ3nnWbx9X/ZBQO7DijMEYS9EhHBb2qacRUMtC7svLwe0lcw=="
		},
		"is-fullwidth-code-point": {
			"version": "1.0.0",
			"resolved": "https://registry.npmjs.org/is-fullwidth-code-point/-/is-fullwidth-code-point-1.0.0.tgz",
			"integrity": "sha1-754xOG8DGn8NZDr4L95QxFfvAMs=",
			"requires": {
				"number-is-nan": "^1.0.0"
			}
		},
		"is-generator-function": {
			"version": "1.0.7",
			"resolved": "https://registry.npmjs.org/is-generator-function/-/is-generator-function-1.0.7.tgz",
			"integrity": "sha512-YZc5EwyO4f2kWCax7oegfuSr9mFz1ZvieNYBEjmukLxgXfBUbxAWGVF7GZf0zidYtoBl3WvC07YK0wT76a+Rtw=="
		},
		"isarray": {
			"version": "0.0.1",
			"resolved": "https://registry.npmjs.org/isarray/-/isarray-0.0.1.tgz",
			"integrity": "sha1-ihis/Kmo9Bd+Cav8YDiTmwXR7t8="
		},
		"jsonfile": {
			"version": "4.0.0",
			"resolved": "https://registry.npmjs.org/jsonfile/-/jsonfile-4.0.0.tgz",
			"integrity": "sha1-h3Gq4HmbZAdrdmQPygWPnBDjPss=",
			"requires": {
				"graceful-fs": "^4.1.6"
			}
		},
		"keygrip": {
			"version": "1.0.3",
			"resolved": "https://registry.npmjs.org/keygrip/-/keygrip-1.0.3.tgz",
			"integrity": "sha512-/PpesirAIfaklxUzp4Yb7xBper9MwP6hNRA6BGGUFCgbJ+BM5CKBtsoxinNXkLHAr+GXS1/lSlF2rP7cv5Fl+g=="
		},
		"koa": {
			"version": "2.5.3",
			"resolved": "https://registry.npmjs.org/koa/-/koa-2.5.3.tgz",
			"integrity": "sha512-U6rgy2kwlfO+3P1phAidDrRZpGfwcpHCxl33wFe+fHXalpzEshHGnMaSU7I/ZeDFpGRQkbQOYsXkXfUjn+AtdQ==",
			"requires": {
				"accepts": "^1.3.5",
				"cache-content-type": "^1.0.0",
				"content-disposition": "~0.5.2",
				"content-type": "^1.0.4",
				"cookies": "~0.7.1",
				"debug": "~3.1.0",
				"delegates": "^1.0.0",
				"depd": "^1.1.2",
				"destroy": "^1.0.4",
				"error-inject": "^1.0.0",
				"escape-html": "^1.0.3",
				"fresh": "~0.5.2",
				"http-assert": "^1.3.0",
				"http-errors": "^1.6.3",
				"is-generator-function": "^1.0.7",
				"koa-compose": "^4.1.0",
				"koa-convert": "^1.2.0",
				"koa-is-json": "^1.0.0",
				"on-finished": "^2.3.0",
				"only": "~0.0.2",
				"parseurl": "^1.3.2",
				"statuses": "^1.5.0",
				"type-is": "^1.6.16",
				"vary": "^1.1.2"
			}
		},
		"koa-bodyparser": {
			"version": "4.2.1",
			"resolved": "https://registry.npmjs.org/koa-bodyparser/-/koa-bodyparser-4.2.1.tgz",
			"integrity": "sha512-UIjPAlMZfNYDDe+4zBaOAUKYqkwAGcIU6r2ARf1UOXPAlfennQys5IiShaVeNf7KkVBlf88f2LeLvBFvKylttw==",
			"requires": {
				"co-body": "^6.0.0",
				"copy-to": "^2.0.1"
			}
		},
		"koa-compose": {
			"version": "4.1.0",
			"resolved": "https://registry.npmjs.org/koa-compose/-/koa-compose-4.1.0.tgz",
			"integrity": "sha512-8ODW8TrDuMYvXRwra/Kh7/rJo9BtOfPc6qO8eAfC80CnCvSjSl0bkRM24X6/XBBEyj0v1nRUQ1LyOy3dbqOWXw=="
		},
		"koa-convert": {
			"version": "1.2.0",
			"resolved": "https://registry.npmjs.org/koa-convert/-/koa-convert-1.2.0.tgz",
			"integrity": "sha1-2kCHXfSd4FOQmNFwC1CCDOvNIdA=",
			"requires": {
				"co": "^4.6.0",
				"koa-compose": "^3.0.0"
			},
			"dependencies": {
				"koa-compose": {
					"version": "3.2.1",
					"resolved": "https://registry.npmjs.org/koa-compose/-/koa-compose-3.2.1.tgz",
					"integrity": "sha1-qFzLQLfZhtjlo0Wzoazo6rz1Tec=",
					"requires": {
						"any-promise": "^1.1.0"
					}
				}
			}
		},
		"koa-is-json": {
			"version": "1.0.0",
			"resolved": "https://registry.npmjs.org/koa-is-json/-/koa-is-json-1.0.0.tgz",
			"integrity": "sha1-JzwH7c3Ljfaiwat9We52SRRR7BQ="
		},
		"koa-route": {
			"version": "3.2.0",
			"resolved": "https://registry.npmjs.org/koa-route/-/koa-route-3.2.0.tgz",
			"integrity": "sha1-dimLmaa8+p44yrb+XHmocz51i84=",
			"requires": {
				"debug": "*",
				"methods": "~1.1.0",
				"path-to-regexp": "^1.2.0"
			}
		},
		"level": {
			"version": "4.0.0",
			"resolved": "https://registry.npmjs.org/level/-/level-4.0.0.tgz",
			"integrity": "sha512-4epzCOlEcJ529NOdlAYiuiakS/kZTDdiKSBNJmE1B8bsmA+zEVwcpxyH86qJSQTpOu7SODrlaD9WgPRHLkGutA==",
			"requires": {
				"level-packager": "^3.0.0",
				"leveldown": "^4.0.0",
				"opencollective-postinstall": "^2.0.0"
			}
		},
		"level-codec": {
			"version": "9.0.0",
			"resolved": "https://registry.npmjs.org/level-codec/-/level-codec-9.0.0.tgz",
			"integrity": "sha512-OIpVvjCcZNP5SdhcNupnsI1zo5Y9Vpm+k/F1gfG5kXrtctlrwanisakweJtE0uA0OpLukRfOQae+Fg0M5Debhg=="
		},
		"level-errors": {
			"version": "2.0.0",
			"resolved": "https://registry.npmjs.org/level-errors/-/level-errors-2.0.0.tgz",
			"integrity": "sha512-AmY4HCp9h3OiU19uG+3YWkdELgy05OTP/r23aNHaQKWv8DO787yZgsEuGVkoph40uwN+YdUKnANlrxSsoOaaxg==",
			"requires": {
				"errno": "~0.1.1"
			}
		},
		"level-iterator-stream": {
			"version": "3.0.0",
			"resolved": "https://registry.npmjs.org/level-iterator-stream/-/level-iterator-stream-3.0.0.tgz",
			"integrity": "sha512-2tpBjsNZtvST8eJIy3R9Sk13aC84omgqvT4sQObZaUb4hDyDe4woWAMudXX3eCsaydOGVaaI5WMpRRBFSzz5WA==",
			"requires": {
				"inherits": "^2.0.1",
				"readable-stream": "^2.0.5",
				"xtend": "^4.0.0"
			}
		},
		"level-packager": {
			"version": "3.1.0",
			"resolved": "https://registry.npmjs.org/level-packager/-/level-packager-3.1.0.tgz",
			"integrity": "sha512-UxVEfK5WH0u0InR3WxTCSAroiorAGKzXWZT6i+nBjambmvINuXFUsFx2Ai3UIjUUtnyWhluv42jMlzUZCsAk9A==",
			"requires": {
				"encoding-down": "~5.0.0",
				"levelup": "^3.0.0"
			}
		},
		"leveldown": {
			"version": "4.0.1",
			"resolved": "https://registry.npmjs.org/leveldown/-/leveldown-4.0.1.tgz",
			"integrity": "sha512-ZlBKVSsglPIPJnz4ggB8o2R0bxDxbsMzuQohbfgoFMVApyTE118DK5LNRG0cRju6rt3OkGxe0V6UYACGlq/byg==",
			"requires": {
				"abstract-leveldown": "~5.0.0",
				"bindings": "~1.3.0",
				"fast-future": "~1.0.2",
				"nan": "~2.10.0",
				"prebuild-install": "^4.0.0"
			}
		},
		"levelup": {
			"version": "3.1.1",
			"resolved": "https://registry.npmjs.org/levelup/-/levelup-3.1.1.tgz",
			"integrity": "sha512-9N10xRkUU4dShSRRFTBdNaBxofz+PGaIZO962ckboJZiNmLuhVT6FZ6ZKAsICKfUBO76ySaYU6fJWX/jnj3Lcg==",
			"requires": {
				"deferred-leveldown": "~4.0.0",
				"level-errors": "~2.0.0",
				"level-iterator-stream": "~3.0.0",
				"xtend": "~4.0.0"
			}
		},
		"make-error": {
			"version": "1.3.5",
			"resolved": "https://registry.npmjs.org/make-error/-/make-error-1.3.5.tgz",
			"integrity": "sha512-c3sIjNUow0+8swNwVpqoH4YCShKNFkMaw6oH1mNS2haDZQqkeZFlHS3dhoeEbKKmJB4vXpJucU6oH75aDYeE9g==",
			"dev": true
		},
		"media-typer": {
			"version": "0.3.0",
			"resolved": "https://registry.npmjs.org/media-typer/-/media-typer-0.3.0.tgz",
			"integrity": "sha1-hxDXrwqmJvj/+hzgAWhUUmMlV0g="
		},
		"methods": {
			"version": "1.1.2",
			"resolved": "https://registry.npmjs.org/methods/-/methods-1.1.2.tgz",
			"integrity": "sha1-VSmk1nZUE07cxSZmVoNbD4Ua/O4="
		},
		"mime-db": {
			"version": "1.36.0",
			"resolved": "https://registry.npmjs.org/mime-db/-/mime-db-1.36.0.tgz",
			"integrity": "sha512-L+xvyD9MkoYMXb1jAmzI/lWYAxAMCPvIBSWur0PZ5nOf5euahRLVqH//FKW9mWp2lkqUgYiXPgkzfMUFi4zVDw=="
		},
		"mime-types": {
			"version": "2.1.20",
			"resolved": "https://registry.npmjs.org/mime-types/-/mime-types-2.1.20.tgz",
			"integrity": "sha512-HrkrPaP9vGuWbLK1B1FfgAkbqNjIuy4eHlIYnFi7kamZyLLrGlo2mpcx0bBmNpKqBtYtAfGbodDddIgddSJC2A==",
			"requires": {
				"mime-db": "~1.36.0"
			}
		},
		"mimic-response": {
			"version": "1.0.1",
			"resolved": "https://registry.npmjs.org/mimic-response/-/mimic-response-1.0.1.tgz",
			"integrity": "sha512-j5EctnkH7amfV/q5Hgmoal1g2QHFJRraOtmx0JpIqkxhBhI/lJSl1nMpQ45hVarwNETOoWEimndZ4QK0RHxuxQ=="
		},
		"minimist": {
			"version": "1.2.0",
			"resolved": "http://registry.npmjs.org/minimist/-/minimist-1.2.0.tgz",
			"integrity": "sha1-o1AIsg9BOD7sH7kU9M1d95omQoQ="
		},
		"mkdirp": {
			"version": "0.5.1",
			"resolved": "http://registry.npmjs.org/mkdirp/-/mkdirp-0.5.1.tgz",
			"integrity": "sha1-MAV0OOrGz3+MR2fzhkjWaX11yQM=",
			"requires": {
				"minimist": "0.0.8"
			},
			"dependencies": {
				"minimist": {
					"version": "0.0.8",
					"resolved": "http://registry.npmjs.org/minimist/-/minimist-0.0.8.tgz",
					"integrity": "sha1-hX/Kv8M5fSYluCKCYuhqp6ARsF0="
				}
			}
		},
		"ms": {
			"version": "2.0.0",
			"resolved": "https://registry.npmjs.org/ms/-/ms-2.0.0.tgz",
			"integrity": "sha1-VgiurfwAvmwpAd9fmGF4jeDVl8g="
		},
		"nan": {
			"version": "2.10.0",
			"resolved": "https://registry.npmjs.org/nan/-/nan-2.10.0.tgz",
			"integrity": "sha512-bAdJv7fBLhWC+/Bls0Oza+mvTaNQtP+1RyhhhvD95pgUJz6XM5IzgmxOkItJ9tkoCiplvAnXI1tNmmUD/eScyA=="
		},
		"negotiator": {
			"version": "0.6.1",
			"resolved": "https://registry.npmjs.org/negotiator/-/negotiator-0.6.1.tgz",
			"integrity": "sha1-KzJxhOiZIQEXeyhWP7XnECrNDKk="
		},
		"node-abi": {
			"version": "2.4.4",
			"resolved": "https://registry.npmjs.org/node-abi/-/node-abi-2.4.4.tgz",
			"integrity": "sha512-DQ9Mo2mf/XectC+s6+grPPRQ1Z9gI3ZbrGv6nyXRkjwT3HrE0xvtvrfnH7YHYBLgC/KLadg+h3XHnhZw1sv88A==",
			"requires": {
				"semver": "^5.4.1"
			}
		},
		"nodemailer": {
			"version": "4.6.8",
			"resolved": "https://registry.npmjs.org/nodemailer/-/nodemailer-4.6.8.tgz",
			"integrity": "sha512-A3s7EM/426OBIZbLHXq2KkgvmKbn2Xga4m4G+ZUA4IaZvG8PcZXrFh+2E4VaS2o+emhuUVRnzKN2YmpkXQ9qwA=="
		},
		"noop-logger": {
			"version": "0.1.1",
			"resolved": "https://registry.npmjs.org/noop-logger/-/noop-logger-0.1.1.tgz",
			"integrity": "sha1-lKKxYzxPExdVMAfYlm/Q6EG2pMI="
		},
		"npmlog": {
			"version": "4.1.2",
			"resolved": "https://registry.npmjs.org/npmlog/-/npmlog-4.1.2.tgz",
			"integrity": "sha512-2uUqazuKlTaSI/dC8AzicUck7+IrEaOnN/e0jd3Xtt1KcGpwx30v50mL7oPyr/h9bL3E4aZccVwpwP+5W9Vjkg==",
			"requires": {
				"are-we-there-yet": "~1.1.2",
				"console-control-strings": "~1.1.0",
				"gauge": "~2.7.3",
				"set-blocking": "~2.0.0"
			}
		},
		"number-is-nan": {
			"version": "1.0.1",
			"resolved": "https://registry.npmjs.org/number-is-nan/-/number-is-nan-1.0.1.tgz",
			"integrity": "sha1-CXtgK1NCKlIsGvuHkDGDNpQaAR0="
		},
		"object-assign": {
			"version": "4.1.1",
			"resolved": "https://registry.npmjs.org/object-assign/-/object-assign-4.1.1.tgz",
			"integrity": "sha1-IQmtx5ZYh8/AXLvUQsrIv7s2CGM="
		},
		"on-finished": {
			"version": "2.3.0",
			"resolved": "https://registry.npmjs.org/on-finished/-/on-finished-2.3.0.tgz",
			"integrity": "sha1-IPEzZIGwg811M3mSoWlxqi2QaUc=",
			"requires": {
				"ee-first": "1.1.1"
			}
		},
		"once": {
			"version": "1.4.0",
			"resolved": "https://registry.npmjs.org/once/-/once-1.4.0.tgz",
			"integrity": "sha1-WDsap3WWHUsROsF9nFC6753Xa9E=",
			"requires": {
				"wrappy": "1"
			}
		},
		"only": {
			"version": "0.0.2",
			"resolved": "https://registry.npmjs.org/only/-/only-0.0.2.tgz",
			"integrity": "sha1-Kv3oTQPlC5qO3EROMGEKcCle37Q="
		},
		"opencollective-postinstall": {
			"version": "2.0.0",
			"resolved": "https://registry.npmjs.org/opencollective-postinstall/-/opencollective-postinstall-2.0.0.tgz",
			"integrity": "sha512-XAe80GycLe2yRGnJsUtt+EO5lk06XYRQt4kJJe53O2kJHPZJOZ+XMF/b47HW96e6LhfKVpwnXVr/s56jhV98jg=="
		},
		"os-homedir": {
			"version": "1.0.2",
			"resolved": "https://registry.npmjs.org/os-homedir/-/os-homedir-1.0.2.tgz",
			"integrity": "sha1-/7xJiDNuDoM94MFox+8VISGqf7M="
		},
		"parseurl": {
			"version": "1.3.2",
			"resolved": "https://registry.npmjs.org/parseurl/-/parseurl-1.3.2.tgz",
			"integrity": "sha1-/CidTtiZMRlGDBViUyYs3I3mW/M="
		},
		"path-to-regexp": {
			"version": "1.7.0",
			"resolved": "https://registry.npmjs.org/path-to-regexp/-/path-to-regexp-1.7.0.tgz",
			"integrity": "sha1-Wf3g9DW62suhA6hOnTvGTpa5k30=",
			"requires": {
				"isarray": "0.0.1"
			}
		},
		"prebuild-install": {
			"version": "4.0.0",
			"resolved": "https://registry.npmjs.org/prebuild-install/-/prebuild-install-4.0.0.tgz",
			"integrity": "sha512-7tayxeYboJX0RbVzdnKyGl2vhQRWr6qfClEXDhOkXjuaOKCw2q8aiuFhONRYVsG/czia7KhpykIlI2S2VaPunA==",
			"requires": {
				"detect-libc": "^1.0.3",
				"expand-template": "^1.0.2",
				"github-from-package": "0.0.0",
				"minimist": "^1.2.0",
				"mkdirp": "^0.5.1",
				"node-abi": "^2.2.0",
				"noop-logger": "^0.1.1",
				"npmlog": "^4.0.1",
				"os-homedir": "^1.0.1",
				"pump": "^2.0.1",
				"rc": "^1.1.6",
				"simple-get": "^2.7.0",
				"tar-fs": "^1.13.0",
				"tunnel-agent": "^0.6.0",
				"which-pm-runs": "^1.0.0"
			}
		},
		"process-nextick-args": {
			"version": "2.0.0",
			"resolved": "https://registry.npmjs.org/process-nextick-args/-/process-nextick-args-2.0.0.tgz",
			"integrity": "sha512-MtEC1TqN0EU5nephaJ4rAtThHtC86dNN9qCuEhtshvpVBkAW5ZO7BASN9REnF9eoXGcRub+pFuKEpOHE+HbEMw=="
		},
		"prr": {
			"version": "1.0.1",
			"resolved": "https://registry.npmjs.org/prr/-/prr-1.0.1.tgz",
			"integrity": "sha1-0/wRS6BplaRexok/SEzrHXj19HY="
		},
		"pump": {
			"version": "2.0.1",
			"resolved": "https://registry.npmjs.org/pump/-/pump-2.0.1.tgz",
			"integrity": "sha512-ruPMNRkN3MHP1cWJc9OWr+T/xDP0jhXYCLfJcBuX54hhfIBnaQmAUMfDcG4DM5UMWByBbJY69QSphm3jtDKIkA==",
			"requires": {
				"end-of-stream": "^1.1.0",
				"once": "^1.3.1"
			}
		},
		"qs": {
			"version": "6.5.2",
			"resolved": "https://registry.npmjs.org/qs/-/qs-6.5.2.tgz",
			"integrity": "sha512-N5ZAX4/LxJmF+7wN74pUD6qAh9/wnvdQcjq9TZjevvXzSUo7bfmw91saqMjzGS2xq91/odN2dW/WOl7qQHNDGA=="
		},
		"raw-body": {
			"version": "2.3.3",
			"resolved": "https://registry.npmjs.org/raw-body/-/raw-body-2.3.3.tgz",
			"integrity": "sha512-9esiElv1BrZoI3rCDuOuKCBRbuApGGaDPQfjSflGxdy4oyzqghxu6klEkkVIvBje+FF0BX9coEv8KqW6X/7njw==",
			"requires": {
				"bytes": "3.0.0",
				"http-errors": "1.6.3",
				"iconv-lite": "0.4.23",
				"unpipe": "1.0.0"
			},
			"dependencies": {
				"http-errors": {
					"version": "1.6.3",
					"resolved": "http://registry.npmjs.org/http-errors/-/http-errors-1.6.3.tgz",
					"integrity": "sha1-i1VoC7S+KDoLW/TqLjhYC+HZMg0=",
					"requires": {
						"depd": "~1.1.2",
						"inherits": "2.0.3",
						"setprototypeof": "1.1.0",
						"statuses": ">= 1.4.0 < 2"
					}
				}
			}
		},
		"rc": {
			"version": "1.2.8",
			"resolved": "https://registry.npmjs.org/rc/-/rc-1.2.8.tgz",
			"integrity": "sha512-y3bGgqKj3QBdxLbLkomlohkvsA8gdAiUQlSBJnBhfn+BPxg4bc62d8TcBW15wavDfgexCgccckhcZvywyQYPOw==",
			"requires": {
				"deep-extend": "^0.6.0",
				"ini": "~1.3.0",
				"minimist": "^1.2.0",
				"strip-json-comments": "~2.0.1"
			}
		},
		"readable-stream": {
			"version": "2.3.6",
			"resolved": "http://registry.npmjs.org/readable-stream/-/readable-stream-2.3.6.tgz",
			"integrity": "sha512-tQtKA9WIAhBF3+VLAseyMqZeBjW0AHJoxOtYqSUZNJxauErmLbVm2FW1y+J/YA9dUrAC39ITejlZWhVIwawkKw==",
			"requires": {
				"core-util-is": "~1.0.0",
				"inherits": "~2.0.3",
				"isarray": "~1.0.0",
				"process-nextick-args": "~2.0.0",
				"safe-buffer": "~5.1.1",
				"string_decoder": "~1.1.1",
				"util-deprecate": "~1.0.1"
			},
			"dependencies": {
				"isarray": {
					"version": "1.0.0",
					"resolved": "https://registry.npmjs.org/isarray/-/isarray-1.0.0.tgz",
					"integrity": "sha1-u5NdSFgsuhaMBoNJV6VKPgcSTxE="
				}
			}
		},
		"safe-buffer": {
			"version": "5.1.2",
			"resolved": "https://registry.npmjs.org/safe-buffer/-/safe-buffer-5.1.2.tgz",
			"integrity": "sha512-Gd2UZBJDkXlY7GbJxfsE8/nvKkUEU1G38c1siN6QP6a9PT9MmHB8GnpscSmMJSoF8LOIrt8ud/wPtojys4G6+g=="
		},
		"safer-buffer": {
			"version": "2.1.2",
			"resolved": "https://registry.npmjs.org/safer-buffer/-/safer-buffer-2.1.2.tgz",
			"integrity": "sha512-YZo3K82SD7Riyi0E1EQPojLz7kpepnSQI9IyPbHHg1XXXevb5dJI7tpyN2ADxGcQbHG7vcyRHk0cbwqcQriUtg=="
		},
		"semver": {
			"version": "5.5.1",
			"resolved": "https://registry.npmjs.org/semver/-/semver-5.5.1.tgz",
			"integrity": "sha512-PqpAxfrEhlSUWge8dwIp4tZnQ25DIOthpiaHNIthsjEFQD6EvqUKUDM7L8O2rShkFccYo1VjJR0coWfNkCubRw=="
		},
		"set-blocking": {
			"version": "2.0.0",
			"resolved": "https://registry.npmjs.org/set-blocking/-/set-blocking-2.0.0.tgz",
			"integrity": "sha1-BF+XgtARrppoA93TgrJDkrPYkPc="
		},
		"setprototypeof": {
			"version": "1.1.0",
			"resolved": "https://registry.npmjs.org/setprototypeof/-/setprototypeof-1.1.0.tgz",
			"integrity": "sha512-BvE/TwpZX4FXExxOxZyRGQQv651MSwmWKZGqvmPcRIjDqWub67kTKuIMx43cZZrS/cBBzwBcNDWoFxt2XEFIpQ=="
		},
		"signal-exit": {
			"version": "3.0.2",
			"resolved": "https://registry.npmjs.org/signal-exit/-/signal-exit-3.0.2.tgz",
			"integrity": "sha1-tf3AjxKH6hF4Yo5BXiUTK3NkbG0="
		},
		"simple-concat": {
			"version": "1.0.0",
			"resolved": "https://registry.npmjs.org/simple-concat/-/simple-concat-1.0.0.tgz",
			"integrity": "sha1-c0TLuLbib7J9ZrL8hvn21Zl1IcY="
		},
		"simple-get": {
			"version": "2.8.1",
			"resolved": "https://registry.npmjs.org/simple-get/-/simple-get-2.8.1.tgz",
			"integrity": "sha512-lSSHRSw3mQNUGPAYRqo7xy9dhKmxFXIjLjp4KHpf99GEH2VH7C3AM+Qfx6du6jhfUi6Vm7XnbEVEf7Wb6N8jRw==",
			"requires": {
				"decompress-response": "^3.3.0",
				"once": "^1.3.1",
				"simple-concat": "^1.0.0"
			}
		},
		"source-map": {
			"version": "0.6.1",
			"resolved": "https://registry.npmjs.org/source-map/-/source-map-0.6.1.tgz",
			"integrity": "sha512-UjgapumWlbMhkBgzT7Ykc5YXUT46F0iKu8SGXq0bcwP5dz/h0Plj6enJqjz1Zbq2l5WaqYnrVbwWOWMyF3F47g==",
			"dev": true
		},
		"source-map-support": {
			"version": "0.5.9",
			"resolved": "https://registry.npmjs.org/source-map-support/-/source-map-support-0.5.9.tgz",
			"integrity": "sha512-gR6Rw4MvUlYy83vP0vxoVNzM6t8MUXqNuRsuBmBHQDu1Fh6X015FrLdgoDKcNdkwGubozq0P4N0Q37UyFVr1EA==",
			"dev": true,
			"requires": {
				"buffer-from": "^1.0.0",
				"source-map": "^0.6.0"
			}
		},
		"statuses": {
			"version": "1.5.0",
			"resolved": "https://registry.npmjs.org/statuses/-/statuses-1.5.0.tgz",
			"integrity": "sha1-Fhx9rBd2Wf2YEfQ3cfqZOBR4Yow="
		},
		"string-width": {
			"version": "1.0.2",
			"resolved": "https://registry.npmjs.org/string-width/-/string-width-1.0.2.tgz",
			"integrity": "sha1-EYvfW4zcUaKn5w0hHgfisLmxB9M=",
			"requires": {
				"code-point-at": "^1.0.0",
				"is-fullwidth-code-point": "^1.0.0",
				"strip-ansi": "^3.0.0"
			}
		},
		"string_decoder": {
			"version": "1.1.1",
			"resolved": "https://registry.npmjs.org/string_decoder/-/string_decoder-1.1.1.tgz",
			"integrity": "sha512-n/ShnvDi6FHbbVfviro+WojiFzv+s8MPMHBczVePfUpDJLwoLT0ht1l4YwBCbi8pJAveEEdnkHyPyTP/mzRfwg==",
			"requires": {
				"safe-buffer": "~5.1.0"
			}
		},
		"strip-ansi": {
			"version": "3.0.1",
			"resolved": "https://registry.npmjs.org/strip-ansi/-/strip-ansi-3.0.1.tgz",
			"integrity": "sha1-ajhfuIU9lS1f8F0Oiq+UJ43GPc8=",
			"requires": {
				"ansi-regex": "^2.0.0"
			}
		},
		"strip-json-comments": {
			"version": "2.0.1",
			"resolved": "https://registry.npmjs.org/strip-json-comments/-/strip-json-comments-2.0.1.tgz",
			"integrity": "sha1-PFMZQukIwml8DsNEhYwobHygpgo="
		},
		"tar-fs": {
			"version": "1.16.3",
			"resolved": "https://registry.npmjs.org/tar-fs/-/tar-fs-1.16.3.tgz",
			"integrity": "sha512-NvCeXpYx7OsmOh8zIOP/ebG55zZmxLE0etfWRbWok+q2Qo8x/vOR/IJT1taADXPe+jsiu9axDb3X4B+iIgNlKw==",
			"requires": {
				"chownr": "^1.0.1",
				"mkdirp": "^0.5.1",
				"pump": "^1.0.0",
				"tar-stream": "^1.1.2"
			},
			"dependencies": {
				"pump": {
					"version": "1.0.3",
					"resolved": "https://registry.npmjs.org/pump/-/pump-1.0.3.tgz",
					"integrity": "sha512-8k0JupWme55+9tCVE+FS5ULT3K6AbgqrGa58lTT49RpyfwwcGedHqaC5LlQNdEAumn/wFsu6aPwkuPMioy8kqw==",
					"requires": {
						"end-of-stream": "^1.1.0",
						"once": "^1.3.1"
					}
				}
			}
		},
		"tar-stream": {
			"version": "1.6.1",
			"resolved": "https://registry.npmjs.org/tar-stream/-/tar-stream-1.6.1.tgz",
			"integrity": "sha512-IFLM5wp3QrJODQFPm6/to3LJZrONdBY/otxcvDIQzu217zKye6yVR3hhi9lAjrC2Z+m/j5oDxMPb1qcd8cIvpA==",
			"requires": {
				"bl": "^1.0.0",
				"buffer-alloc": "^1.1.0",
				"end-of-stream": "^1.0.0",
				"fs-constants": "^1.0.0",
				"readable-stream": "^2.3.0",
				"to-buffer": "^1.1.0",
				"xtend": "^4.0.0"
			}
		},
		"to-buffer": {
			"version": "1.1.1",
			"resolved": "https://registry.npmjs.org/to-buffer/-/to-buffer-1.1.1.tgz",
			"integrity": "sha512-lx9B5iv7msuFYE3dytT+KE5tap+rNYw+K4jVkb9R/asAb+pbBSM17jtunHplhBe6RRJdZx3Pn2Jph24O32mOVg=="
		},
		"toidentifier": {
			"version": "1.0.0",
			"resolved": "https://registry.npmjs.org/toidentifier/-/toidentifier-1.0.0.tgz",
			"integrity": "sha512-yaOH/Pk/VEhBWWTlhI+qXxDFXlejDGcQipMlyxda9nthulaxLZUNcUqFxokp0vcYnvteJln5FNQDRrxj3YcbVw=="
		},
		"ts-node": {
			"version": "7.0.1",
			"resolved": "https://registry.npmjs.org/ts-node/-/ts-node-7.0.1.tgz",
			"integrity": "sha512-BVwVbPJRspzNh2yfslyT1PSbl5uIk03EZlb493RKHN4qej/D06n1cEhjlOJG69oFsE7OT8XjpTUcYf6pKTLMhw==",
			"dev": true,
			"requires": {
				"arrify": "^1.0.0",
				"buffer-from": "^1.1.0",
				"diff": "^3.1.0",
				"make-error": "^1.1.1",
				"minimist": "^1.2.0",
				"mkdirp": "^0.5.1",
				"source-map-support": "^0.5.6",
				"yn": "^2.0.0"
			}
		},
		"tunnel-agent": {
			"version": "0.6.0",
			"resolved": "https://registry.npmjs.org/tunnel-agent/-/tunnel-agent-0.6.0.tgz",
			"integrity": "sha1-J6XeoGs2sEoKmWZ3SykIaPD8QP0=",
			"requires": {
				"safe-buffer": "^5.0.1"
			}
		},
		"type-is": {
			"version": "1.6.16",
			"resolved": "https://registry.npmjs.org/type-is/-/type-is-1.6.16.tgz",
			"integrity": "sha512-HRkVv/5qY2G6I8iab9cI7v1bOIdhm94dVjQCPFElW9W+3GeDOSHmy2EBYe4VTApuzolPcmgFTN3ftVJRKR2J9Q==",
			"requires": {
				"media-typer": "0.3.0",
				"mime-types": "~2.1.18"
			}
		},
		"typescript": {
			"version": "2.9.2",
			"resolved": "https://registry.npmjs.org/typescript/-/typescript-2.9.2.tgz",
			"integrity": "sha512-Gr4p6nFNaoufRIY4NMdpQRNmgxVIGMs4Fcu/ujdYk3nAZqk7supzBE9idmvfZIlH/Cuj//dvi+019qEue9lV0w==",
			"dev": true
		},
		"universalify": {
			"version": "0.1.2",
			"resolved": "https://registry.npmjs.org/universalify/-/universalify-0.1.2.tgz",
			"integrity": "sha512-rBJeI5CXAlmy1pV+617WB9J63U6XcazHHF2f2dbJix4XzpUF0RS3Zbj0FGIOCAva5P/d/GBOYaACQ1w+0azUkg=="
		},
		"unpipe": {
			"version": "1.0.0",
			"resolved": "https://registry.npmjs.org/unpipe/-/unpipe-1.0.0.tgz",
			"integrity": "sha1-sr9O6FFKrmFltIF4KdIbLvSZBOw="
		},
		"util-deprecate": {
			"version": "1.0.2",
			"resolved": "https://registry.npmjs.org/util-deprecate/-/util-deprecate-1.0.2.tgz",
			"integrity": "sha1-RQ1Nyfpw3nMnYvvS1KKJgUGaDM8="
		},
		"vary": {
			"version": "1.1.2",
			"resolved": "https://registry.npmjs.org/vary/-/vary-1.1.2.tgz",
			"integrity": "sha1-IpnwLG3tMNSllhsLn3RSShj2NPw="
		},
		"which-pm-runs": {
			"version": "1.0.0",
			"resolved": "https://registry.npmjs.org/which-pm-runs/-/which-pm-runs-1.0.0.tgz",
			"integrity": "sha1-Zws6+8VS4LVd9rd4DKdGFfI60cs="
		},
		"wide-align": {
			"version": "1.1.3",
			"resolved": "https://registry.npmjs.org/wide-align/-/wide-align-1.1.3.tgz",
			"integrity": "sha512-QGkOQc8XL6Bt5PwnsExKBPuMKBxnGxWWW3fU55Xt4feHozMUhdUMaBCk290qpm/wG5u/RSKzwdAC4i51YigihA==",
			"requires": {
				"string-width": "^1.0.2 || 2"
			}
		},
		"wrappy": {
			"version": "1.0.2",
			"resolved": "https://registry.npmjs.org/wrappy/-/wrappy-1.0.2.tgz",
			"integrity": "sha1-tSQ9jz7BqjXxNkYFvA0QNuMKtp8="
		},
		"xtend": {
			"version": "4.0.1",
			"resolved": "https://registry.npmjs.org/xtend/-/xtend-4.0.1.tgz",
			"integrity": "sha1-pcbVMr5lbiPbgg77lDofBJmNY68="
		},
		"ylru": {
			"version": "1.2.1",
			"resolved": "https://registry.npmjs.org/ylru/-/ylru-1.2.1.tgz",
			"integrity": "sha512-faQrqNMzcPCHGVC2aaOINk13K+aaBDUPjGWl0teOXywElLjyVAB6Oe2jj62jHYtwsU49jXhScYbvPENK+6zAvQ=="
		},
		"yn": {
			"version": "2.0.0",
			"resolved": "https://registry.npmjs.org/yn/-/yn-2.0.0.tgz",
			"integrity": "sha1-5a2ryKz0CPY4X8dklWhMiOavaJo=",
			"dev": true
		}
	}
}
