{
  "name": "@padlock/ui",
  "version": "3.0.0",
  "lockfileVersion": 1,
  "requires": true,
  "dependencies": {
    "@polymer/font-roboto": {
      "version": "3.0.0-pre.19",
      "resolved": "https://registry.npmjs.org/@polymer/font-roboto/-/font-roboto-3.0.0-pre.19.tgz",
      "integrity": "sha512-brLUbgLGzBVNlmHhpDHnWdPI6KNkHmTjtX+82dvHpeuUjPsey2uH4fFofWC+m29/yxY+GH5RGv493AfRUDcokQ=="
    },
    "@polymer/iron-flex-layout": {
      "version": "3.0.0-pre.19",
      "resolved": "https://registry.npmjs.org/@polymer/iron-flex-layout/-/iron-flex-layout-3.0.0-pre.19.tgz",
      "integrity": "sha512-EZ25vUjmZXLc0hKJj338Ec1fQwemBsfe+Zo5d6ThzJzoSq72uGlZ8deLYNiAhIw6UZZxWttXcN6c/2kZ4qV18A==",
      "requires": {
        "@polymer/polymer": "^3.0.0"
      }
    },
    "@polymer/lit-element": {
      "version": "0.6.3",
      "resolved": "https://registry.npmjs.org/@polymer/lit-element/-/lit-element-0.6.3.tgz",
      "integrity": "sha512-f7MNsgaliRN+g5MFbwKiTWTTWf3GrhYNB/3fAHM7t77TXTSbQ8MXHy2HXfQvPEHwjgen1o2CocaCTSGl/zzJ3g==",
      "requires": {
        "lit-html": "^0.13.0"
      }
    },
    "@polymer/paper-spinner": {
      "version": "3.0.0-pre.19",
      "resolved": "https://registry.npmjs.org/@polymer/paper-spinner/-/paper-spinner-3.0.0-pre.19.tgz",
      "integrity": "sha512-ZPbTZRZBYTL8jUqoFYkDzFRMT4wlM4REgJVV3cTf2CNWcdNNKiZt6ynJyEgjZwl2NBD+RL+x6NkrWO5cVuH37Q==",
      "requires": {
        "@polymer/paper-styles": "^3.0.0-pre.19",
        "@polymer/polymer": "^3.0.0"
      }
    },
    "@polymer/paper-styles": {
      "version": "3.0.0-pre.19",
      "resolved": "https://registry.npmjs.org/@polymer/paper-styles/-/paper-styles-3.0.0-pre.19.tgz",
      "integrity": "sha512-ASspmHr6GJjDiPxOVsqR2mFSQim13nGy03iLeyBXxX9QQa1rXI6r16/HShBvg8MrncQSRRUHqkFCfRWO3CKpwA==",
      "requires": {
        "@polymer/font-roboto": "^3.0.0-pre.19",
        "@polymer/iron-flex-layout": "^3.0.0-pre.19",
        "@polymer/polymer": "^3.0.0"
      }
    },
    "@polymer/polymer": {
      "version": "3.0.2",
      "resolved": "https://registry.npmjs.org/@polymer/polymer/-/polymer-3.0.2.tgz",
      "integrity": "sha512-ow8AAjTe9ps8bantY9IvL0PT+xHf5VN3Cjahfr7gBJAc0lv3jTwGBv7pso65SHyrUJEEHeakhx6iPMl7qY4tfw==",
      "requires": {
        "@webcomponents/shadycss": "^1.2.0"
      }
    },
    "@webcomponents/shadycss": {
      "version": "1.2.1",
      "resolved": "https://registry.npmjs.org/@webcomponents/shadycss/-/shadycss-1.2.1.tgz",
      "integrity": "sha512-ZnjFb1Wf81CqMgs1dbT6JT6N4nY32bs2r5YC/5GSIb/ozJGR+UYs3ldJxtk1v5uZzPRIsAWv7wYSJcCp6ml8+A=="
    },
    "@webcomponents/webcomponentsjs": {
      "version": "2.0.0",
      "resolved": "https://registry.npmjs.org/@webcomponents/webcomponentsjs/-/webcomponentsjs-2.0.0.tgz",
      "integrity": "sha512-f6izmesHd8E+rL32tftlXZmz1EAL+lLn8AUex0mJFLe39z53iTFNCqxAYsMmCA/QSGP+8X6D1it/JbuVl1jOHA=="
    },
    "autosize": {
      "version": "4.0.2",
      "resolved": "https://registry.npmjs.org/autosize/-/autosize-4.0.2.tgz",
      "integrity": "sha512-jnSyH2d+qdfPGpWlcuhGiHmqBJ6g3X+8T+iRwFrHPLVcdoGJE/x6Qicm6aDHfTsbgZKxyV8UU/YB2p4cjKDRRA=="
    },
    "immediate": {
      "version": "3.0.6",
      "resolved": "https://registry.npmjs.org/immediate/-/immediate-3.0.6.tgz",
      "integrity": "sha1-nbHb0Pr43m++D13V5Wu2BigN5ps="
    },
    "lie": {
      "version": "3.1.1",
      "resolved": "https://registry.npmjs.org/lie/-/lie-3.1.1.tgz",
      "integrity": "sha1-mkNrLMd0bKWd56QfpGmz77dr2H4=",
      "requires": {
        "immediate": "~3.0.5"
      }
    },
    "lit-html": {
      "version": "0.13.0",
      "resolved": "https://registry.npmjs.org/lit-html/-/lit-html-0.13.0.tgz",
      "integrity": "sha512-p3R2ji/ucNVG5skguy8WufmSYIdMiTTb9ObUVYM2bOuvIXzDnUiePXGwP5BDbKssW1K6fw1Oj/M07FzdPLsTXw=="
    },
    "localforage": {
      "version": "1.7.3",
      "resolved": "https://registry.npmjs.org/localforage/-/localforage-1.7.3.tgz",
      "integrity": "sha512-1TulyYfc4udS7ECSBT2vwJksWbkwwTX8BzeUIiq8Y07Riy7bDAAnxDaPU/tWyOVmQAcWJIEIFP9lPfBGqVoPgQ==",
      "requires": {
        "lie": "3.1.1"
      }
    },
    "reflect-metadata": {
      "version": "0.1.12",
      "resolved": "https://registry.npmjs.org/reflect-metadata/-/reflect-metadata-0.1.12.tgz",
      "integrity": "sha512-n+IyV+nGz3+0q3/Yf1ra12KpCyi001bi4XFxSjbiWWjfqb52iTTtpGXmCCAOWWIAn9KEuFZKGqBERHmrtScZ3A==",
      "dev": true
    }
  }
}
