{
  "name": "padlock-app",
  "version": "3.0.0",
  "lockfileVersion": 1,
  "requires": true,
  "dependencies": {
    "@polymer/font-roboto": {
      "version": "3.0.0-pre.19",
      "resolved": "https://registry.npmjs.org/@polymer/font-roboto/-/font-roboto-3.0.0-pre.19.tgz",
      "integrity": "sha512-brLUbgLGzBVNlmHhpDHnWdPI6KNkHmTjtX+82dvHpeuUjPsey2uH4fFofWC+m29/yxY+GH5RGv493AfRUDcokQ=="
    },
    "@polymer/iron-a11y-keys-behavior": {
      "version": "3.0.0-pre.19",
      "resolved": "https://registry.npmjs.org/@polymer/iron-a11y-keys-behavior/-/iron-a11y-keys-behavior-3.0.0-pre.19.tgz",
      "integrity": "sha512-jti4YDsjxTny2AJJxAQ89Gwq7+AMblOZLWBOQiciqDuRdj+nEelf227DAUwIejoII6cYQCV/Knw+Qit5zZx2kQ==",
      "requires": {
        "@polymer/polymer": "^3.0.0"
      }
    },
    "@polymer/iron-flex-layout": {
      "version": "3.0.0-pre.19",
      "resolved": "https://registry.npmjs.org/@polymer/iron-flex-layout/-/iron-flex-layout-3.0.0-pre.19.tgz",
      "integrity": "sha512-EZ25vUjmZXLc0hKJj338Ec1fQwemBsfe+Zo5d6ThzJzoSq72uGlZ8deLYNiAhIw6UZZxWttXcN6c/2kZ4qV18A==",
      "requires": {
        "@polymer/polymer": "^3.0.0"
      }
    },
    "@polymer/iron-list": {
      "version": "3.0.0-pre.19",
      "resolved": "https://registry.npmjs.org/@polymer/iron-list/-/iron-list-3.0.0-pre.19.tgz",
      "integrity": "sha512-NoFja6NeGJNnBdQl2MyD1ZdcKURCfLVozLcsrFmh92R4bnPfBa9l/ood2vec8LTEYidRjl1US1aPagd6bJhdrw==",
      "requires": {
        "@polymer/iron-a11y-keys-behavior": "^3.0.0-pre.19",
        "@polymer/iron-resizable-behavior": "^3.0.0-pre.19",
        "@polymer/iron-scroll-target-behavior": "^3.0.0-pre.19",
        "@polymer/polymer": "^3.0.0"
      }
    },
    "@polymer/iron-resizable-behavior": {
      "version": "3.0.0-pre.19",
      "resolved": "https://registry.npmjs.org/@polymer/iron-resizable-behavior/-/iron-resizable-behavior-3.0.0-pre.19.tgz",
      "integrity": "sha512-lEpkbPPYtxMLW0SYTRxblHqvTus9M0VAhRTYA1ctz22vi06JrlBdE7NizA9hQwYLpaWU/vibGBJ7afaP/AM3Tg==",
      "requires": {
        "@polymer/polymer": "^3.0.0"
      }
    },
    "@polymer/iron-scroll-target-behavior": {
      "version": "3.0.0-pre.19",
      "resolved": "https://registry.npmjs.org/@polymer/iron-scroll-target-behavior/-/iron-scroll-target-behavior-3.0.0-pre.19.tgz",
      "integrity": "sha512-hD/ztlrjo8aQRPey0ekJYGtE4ikysMLc0N/1vEwxlcg50LYT/BPkaepwgB598gTq02dDwGMhJr2heXusRshhzA==",
      "requires": {
        "@polymer/polymer": "^3.0.0"
      }
    },
    "@polymer/paper-spinner": {
      "version": "3.0.0-pre.19",
      "resolved": "https://registry.npmjs.org/@polymer/paper-spinner/-/paper-spinner-3.0.0-pre.19.tgz",
      "integrity": "sha512-ZPbTZRZBYTL8jUqoFYkDzFRMT4wlM4REgJVV3cTf2CNWcdNNKiZt6ynJyEgjZwl2NBD+RL+x6NkrWO5cVuH37Q==",
      "requires": {
        "@polymer/paper-styles": "^3.0.0-pre.19",
        "@polymer/polymer": "^3.0.0"
      }
    },
    "@polymer/paper-styles": {
      "version": "3.0.0-pre.19",
      "resolved": "https://registry.npmjs.org/@polymer/paper-styles/-/paper-styles-3.0.0-pre.19.tgz",
      "integrity": "sha512-ASspmHr6GJjDiPxOVsqR2mFSQim13nGy03iLeyBXxX9QQa1rXI6r16/HShBvg8MrncQSRRUHqkFCfRWO3CKpwA==",
      "requires": {
        "@polymer/font-roboto": "^3.0.0-pre.19",
        "@polymer/iron-flex-layout": "^3.0.0-pre.19",
        "@polymer/polymer": "^3.0.0"
      }
    },
    "@polymer/polymer": {
      "version": "3.0.2",
      "resolved": "https://registry.npmjs.org/@polymer/polymer/-/polymer-3.0.2.tgz",
      "integrity": "sha512-ow8AAjTe9ps8bantY9IvL0PT+xHf5VN3Cjahfr7gBJAc0lv3jTwGBv7pso65SHyrUJEEHeakhx6iPMl7qY4tfw==",
      "requires": {
        "@webcomponents/shadycss": "^1.2.0"
      }
    },
    "@webcomponents/shadycss": {
      "version": "1.2.1",
      "resolved": "https://registry.npmjs.org/@webcomponents/shadycss/-/shadycss-1.2.1.tgz",
      "integrity": "sha512-ZnjFb1Wf81CqMgs1dbT6JT6N4nY32bs2r5YC/5GSIb/ozJGR+UYs3ldJxtk1v5uZzPRIsAWv7wYSJcCp6ml8+A=="
    },
    "@webcomponents/webcomponentsjs": {
      "version": "2.0.0",
      "resolved": "https://registry.npmjs.org/@webcomponents/webcomponentsjs/-/webcomponentsjs-2.0.0.tgz",
      "integrity": "sha512-f6izmesHd8E+rL32tftlXZmz1EAL+lLn8AUex0mJFLe39z53iTFNCqxAYsMmCA/QSGP+8X6D1it/JbuVl1jOHA=="
    },
    "autosize": {
      "version": "4.0.2",
      "resolved": "https://registry.npmjs.org/autosize/-/autosize-4.0.2.tgz",
      "integrity": "sha512-jnSyH2d+qdfPGpWlcuhGiHmqBJ6g3X+8T+iRwFrHPLVcdoGJE/x6Qicm6aDHfTsbgZKxyV8UU/YB2p4cjKDRRA=="
    },
    "moment": {
      "version": "2.22.2",
      "resolved": "https://registry.npmjs.org/moment/-/moment-2.22.2.tgz",
      "integrity": "sha1-PCV/mDn8DpP/UxSWMiOeuQeD/2Y="
    },
    "moment-duration-format": {
      "version": "2.2.2",
      "resolved": "https://registry.npmjs.org/moment-duration-format/-/moment-duration-format-2.2.2.tgz",
      "integrity": "sha1-uVdhLeJgFsmtnrYIfAVFc+USd3k="
    }
  }
}
